// !$*UTF8*$!
{
	archiveVersion = 1;
	classes = {
	};
	objectVersion = 55;
	objects = {

/* Begin PBXBuildFile section */
		25AB33E1860B176E8A0A3C55 /* Pods_RawMaterialPriceTests.framework in Frameworks */ = {isa = PBXBuildFile; fileRef = 9F020AB5472BE7D496505D3E /* Pods_RawMaterialPriceTests.framework */; };
		6621EE7177514888C1AF9681 /* Pods_RawMaterialPriceUITests.framework in Frameworks */ = {isa = PBXBuildFile; fileRef = 976475E9BC74EEEF815E2373 /* Pods_RawMaterialPriceUITests.framework */; };
		AC50786A28D578AF00168E4D /* AppDelegate.swift in Sources */ = {isa = PBXBuildFile; fileRef = AC50786928D578AF00168E4D /* AppDelegate.swift */; };
		AC50786C28D578AF00168E4D /* SceneDelegate.swift in Sources */ = {isa = PBXBuildFile; fileRef = AC50786B28D578AF00168E4D /* SceneDelegate.swift */; };
		AC50786E28D578AF00168E4D /* ViewController.swift in Sources */ = {isa = PBXBuildFile; fileRef = AC50786D28D578AF00168E4D /* ViewController.swift */; };
		AC50787128D578AF00168E4D /* Main.storyboard in Resources */ = {isa = PBXBuildFile; fileRef = AC50786F28D578AF00168E4D /* Main.storyboard */; };
		AC50787328D578B000168E4D /* Assets.xcassets in Resources */ = {isa = PBXBuildFile; fileRef = AC50787228D578B000168E4D /* Assets.xcassets */; };
		AC50787628D578B000168E4D /* LaunchScreen.storyboard in Resources */ = {isa = PBXBuildFile; fileRef = AC50787428D578B000168E4D /* LaunchScreen.storyboard */; };
		AC50788128D578B000168E4D /* RawMaterialPriceTests.swift in Sources */ = {isa = PBXBuildFile; fileRef = AC50788028D578B000168E4D /* RawMaterialPriceTests.swift */; };
		AC50788B28D578B000168E4D /* RawMaterialPriceUITests.swift in Sources */ = {isa = PBXBuildFile; fileRef = AC50788A28D578B000168E4D /* RawMaterialPriceUITests.swift */; };
		AC50788D28D578B000168E4D /* RawMaterialPriceUITestsLaunchTests.swift in Sources */ = {isa = PBXBuildFile; fileRef = AC50788C28D578B000168E4D /* RawMaterialPriceUITestsLaunchTests.swift */; };
		D4DD1A2E93FA39A392FF3101 /* Pods_RawMaterialPrice.framework in Frameworks */ = {isa = PBXBuildFile; fileRef = 9F16A63219E4EF9BA94792CF /* Pods_RawMaterialPrice.framework */; };
/* End PBXBuildFile section */

/* Begin PBXContainerItemProxy section */
		AC50787D28D578B000168E4D /* PBXContainerItemProxy */ = {
			isa = PBXContainerItemProxy;
			containerPortal = AC50785E28D578AF00168E4D /* Project object */;
			proxyType = 1;
			remoteGlobalIDString = AC50786528D578AF00168E4D;
			remoteInfo = RawMaterialPrice;
		};
		AC50788728D578B000168E4D /* PBXContainerItemProxy */ = {
			isa = PBXContainerItemProxy;
			containerPortal = AC50785E28D578AF00168E4D /* Project object */;
			proxyType = 1;
			remoteGlobalIDString = AC50786528D578AF00168E4D;
			remoteInfo = RawMaterialPrice;
		};
/* End PBXContainerItemProxy section */

/* Begin PBXFileReference section */
		12BFC32041441DBA6B9BAD20 /* Pods-RawMaterialPriceUITests.debug.xcconfig */ = {isa = PBXFileReference; includeInIndex = 1; lastKnownFileType = text.xcconfig; name = "Pods-RawMaterialPriceUITests.debug.xcconfig"; path = "Target Support Files/Pods-RawMaterialPriceUITests/Pods-RawMaterialPriceUITests.debug.xcconfig"; sourceTree = "<group>"; };
		24A430E40FF9F18E74A6D887 /* Pods-RawMaterialPrice.debug.xcconfig */ = {isa = PBXFileReference; includeInIndex = 1; lastKnownFileType = text.xcconfig; name = "Pods-RawMaterialPrice.debug.xcconfig"; path = "Target Support Files/Pods-RawMaterialPrice/Pods-RawMaterialPrice.debug.xcconfig"; sourceTree = "<group>"; };
		762A358B343C38ACB2017843 /* Pods-RawMaterialPriceUITests.release.xcconfig */ = {isa = PBXFileReference; includeInIndex = 1; lastKnownFileType = text.xcconfig; name = "Pods-RawMaterialPriceUITests.release.xcconfig"; path = "Target Support Files/Pods-RawMaterialPriceUITests/Pods-RawMaterialPriceUITests.release.xcconfig"; sourceTree = "<group>"; };
		976475E9BC74EEEF815E2373 /* Pods_RawMaterialPriceUITests.framework */ = {isa = PBXFileReference; explicitFileType = wrapper.framework; includeInIndex = 0; path = Pods_RawMaterialPriceUITests.framework; sourceTree = BUILT_PRODUCTS_DIR; };
		9F020AB5472BE7D496505D3E /* Pods_RawMaterialPriceTests.framework */ = {isa = PBXFileReference; explicitFileType = wrapper.framework; includeInIndex = 0; path = Pods_RawMaterialPriceTests.framework; sourceTree = BUILT_PRODUCTS_DIR; };
		9F16A63219E4EF9BA94792CF /* Pods_RawMaterialPrice.framework */ = {isa = PBXFileReference; explicitFileType = wrapper.framework; includeInIndex = 0; path = Pods_RawMaterialPrice.framework; sourceTree = BUILT_PRODUCTS_DIR; };
		AC50786628D578AF00168E4D /* RawMaterialPrice.app */ = {isa = PBXFileReference; explicitFileType = wrapper.application; includeInIndex = 0; path = RawMaterialPrice.app; sourceTree = BUILT_PRODUCTS_DIR; };
		AC50786928D578AF00168E4D /* AppDelegate.swift */ = {isa = PBXFileReference; lastKnownFileType = sourcecode.swift; path = AppDelegate.swift; sourceTree = "<group>"; };
		AC50786B28D578AF00168E4D /* SceneDelegate.swift */ = {isa = PBXFileReference; lastKnownFileType = sourcecode.swift; path = SceneDelegate.swift; sourceTree = "<group>"; };
		AC50786D28D578AF00168E4D /* ViewController.swift */ = {isa = PBXFileReference; lastKnownFileType = sourcecode.swift; path = ViewController.swift; sourceTree = "<group>"; };
		AC50787028D578AF00168E4D /* Base */ = {isa = PBXFileReference; lastKnownFileType = file.storyboard; name = Base; path = Base.lproj/Main.storyboard; sourceTree = "<group>"; };
		AC50787228D578B000168E4D /* Assets.xcassets */ = {isa = PBXFileReference; lastKnownFileType = folder.assetcatalog; path = Assets.xcassets; sourceTree = "<group>"; };
		AC50787528D578B000168E4D /* Base */ = {isa = PBXFileReference; lastKnownFileType = file.storyboard; name = Base; path = Base.lproj/LaunchScreen.storyboard; sourceTree = "<group>"; };
		AC50787728D578B000168E4D /* Info.plist */ = {isa = PBXFileReference; lastKnownFileType = text.plist.xml; path = Info.plist; sourceTree = "<group>"; };
		AC50787C28D578B000168E4D /* RawMaterialPriceTests.xctest */ = {isa = PBXFileReference; explicitFileType = wrapper.cfbundle; includeInIndex = 0; path = RawMaterialPriceTests.xctest; sourceTree = BUILT_PRODUCTS_DIR; };
		AC50788028D578B000168E4D /* RawMaterialPriceTests.swift */ = {isa = PBXFileReference; lastKnownFileType = sourcecode.swift; path = RawMaterialPriceTests.swift; sourceTree = "<group>"; };
		AC50788628D578B000168E4D /* RawMaterialPriceUITests.xctest */ = {isa = PBXFileReference; explicitFileType = wrapper.cfbundle; includeInIndex = 0; path = RawMaterialPriceUITests.xctest; sourceTree = BUILT_PRODUCTS_DIR; };
		AC50788A28D578B000168E4D /* RawMaterialPriceUITests.swift */ = {isa = PBXFileReference; lastKnownFileType = sourcecode.swift; path = RawMaterialPriceUITests.swift; sourceTree = "<group>"; };
		AC50788C28D578B000168E4D /* RawMaterialPriceUITestsLaunchTests.swift */ = {isa = PBXFileReference; lastKnownFileType = sourcecode.swift; path = RawMaterialPriceUITestsLaunchTests.swift; sourceTree = "<group>"; };
		BDE6B8EEAFE05924FB49CF08 /* Pods-RawMaterialPrice.release.xcconfig */ = {isa = PBXFileReference; includeInIndex = 1; lastKnownFileType = text.xcconfig; name = "Pods-RawMaterialPrice.release.xcconfig"; path = "Target Support Files/Pods-RawMaterialPrice/Pods-RawMaterialPrice.release.xcconfig"; sourceTree = "<group>"; };
		EB9807AC6BD9B8C8F484F81C /* Pods-RawMaterialPriceTests.debug.xcconfig */ = {isa = PBXFileReference; includeInIndex = 1; lastKnownFileType = text.xcconfig; name = "Pods-RawMaterialPriceTests.debug.xcconfig"; path = "Target Support Files/Pods-RawMaterialPriceTests/Pods-RawMaterialPriceTests.debug.xcconfig"; sourceTree = "<group>"; };
		F1799D03F6ED605D2DE6CB9D /* Pods-RawMaterialPriceTests.release.xcconfig */ = {isa = PBXFileReference; includeInIndex = 1; lastKnownFileType = text.xcconfig; name = "Pods-RawMaterialPriceTests.release.xcconfig"; path = "Target Support Files/Pods-RawMaterialPriceTests/Pods-RawMaterialPriceTests.release.xcconfig"; sourceTree = "<group>"; };
/* End PBXFileReference section */

/* Begin PBXFrameworksBuildPhase section */
		AC50786328D578AF00168E4D /* Frameworks */ = {
			isa = PBXFrameworksBuildPhase;
			buildActionMask = 2147483647;
			files = (
				D4DD1A2E93FA39A392FF3101 /* Pods_RawMaterialPrice.framework in Frameworks */,
			);
			runOnlyForDeploymentPostprocessing = 0;
		};
		AC50787928D578B000168E4D /* Frameworks */ = {
			isa = PBXFrameworksBuildPhase;
			buildActionMask = 2147483647;
			files = (
				25AB33E1860B176E8A0A3C55 /* Pods_RawMaterialPriceTests.framework in Frameworks */,
			);
			runOnlyForDeploymentPostprocessing = 0;
		};
		AC50788328D578B000168E4D /* Frameworks */ = {
			isa = PBXFrameworksBuildPhase;
			buildActionMask = 2147483647;
			files = (
				6621EE7177514888C1AF9681 /* Pods_RawMaterialPriceUITests.framework in Frameworks */,
			);
			runOnlyForDeploymentPostprocessing = 0;
		};
/* End PBXFrameworksBuildPhase section */

/* Begin PBXGroup section */
		806C6D1BD2807CC997E16DD3 /* Pods */ = {
			isa = PBXGroup;
			children = (
				24A430E40FF9F18E74A6D887 /* Pods-RawMaterialPrice.debug.xcconfig */,
				BDE6B8EEAFE05924FB49CF08 /* Pods-RawMaterialPrice.release.xcconfig */,
				EB9807AC6BD9B8C8F484F81C /* Pods-RawMaterialPriceTests.debug.xcconfig */,
				F1799D03F6ED605D2DE6CB9D /* Pods-RawMaterialPriceTests.release.xcconfig */,
				12BFC32041441DBA6B9BAD20 /* Pods-RawMaterialPriceUITests.debug.xcconfig */,
				762A358B343C38ACB2017843 /* Pods-RawMaterialPriceUITests.release.xcconfig */,
			);
			name = Pods;
			path = ../Pods;
			sourceTree = "<group>";
		};
		AC50785D28D578AF00168E4D = {
			isa = PBXGroup;
			children = (
				AC50786828D578AF00168E4D /* RawMaterialPrice */,
				AC50787F28D578B000168E4D /* RawMaterialPriceTests */,
				AC50788928D578B000168E4D /* RawMaterialPriceUITests */,
				AC50786728D578AF00168E4D /* Products */,
				806C6D1BD2807CC997E16DD3 /* Pods */,
				AD22B45AC5593B35F06EF9F6 /* Frameworks */,
			);
			sourceTree = "<group>";
		};
		AC50786728D578AF00168E4D /* Products */ = {
			isa = PBXGroup;
			children = (
				AC50786628D578AF00168E4D /* RawMaterialPrice.app */,
				AC50787C28D578B000168E4D /* RawMaterialPriceTests.xctest */,
				AC50788628D578B000168E4D /* RawMaterialPriceUITests.xctest */,
			);
			name = Products;
			sourceTree = "<group>";
		};
		AC50786828D578AF00168E4D /* RawMaterialPrice */ = {
			isa = PBXGroup;
			children = (
				AC50786928D578AF00168E4D /* AppDelegate.swift */,
				AC50786B28D578AF00168E4D /* SceneDelegate.swift */,
				AC50786D28D578AF00168E4D /* ViewController.swift */,
				AC50786F28D578AF00168E4D /* Main.storyboard */,
				AC50787228D578B000168E4D /* Assets.xcassets */,
				AC50787428D578B000168E4D /* LaunchScreen.storyboard */,
				AC50787728D578B000168E4D /* Info.plist */,
			);
			path = RawMaterialPrice;
			sourceTree = "<group>";
		};
		AC50787F28D578B000168E4D /* RawMaterialPriceTests */ = {
			isa = PBXGroup;
			children = (
				AC50788028D578B000168E4D /* RawMaterialPriceTests.swift */,
			);
			path = RawMaterialPriceTests;
			sourceTree = "<group>";
		};
		AC50788928D578B000168E4D /* RawMaterialPriceUITests */ = {
			isa = PBXGroup;
			children = (
				AC50788A28D578B000168E4D /* RawMaterialPriceUITests.swift */,
				AC50788C28D578B000168E4D /* RawMaterialPriceUITestsLaunchTests.swift */,
			);
			path = RawMaterialPriceUITests;
			sourceTree = "<group>";
		};
		AD22B45AC5593B35F06EF9F6 /* Frameworks */ = {
			isa = PBXGroup;
			children = (
				9F16A63219E4EF9BA94792CF /* Pods_RawMaterialPrice.framework */,
				9F020AB5472BE7D496505D3E /* Pods_RawMaterialPriceTests.framework */,
				976475E9BC74EEEF815E2373 /* Pods_RawMaterialPriceUITests.framework */,
			);
			name = Frameworks;
			sourceTree = "<group>";
		};
/* End PBXGroup section */

/* Begin PBXNativeTarget section */
		AC50786528D578AF00168E4D /* RawMaterialPrice */ = {
			isa = PBXNativeTarget;
			buildConfigurationList = AC50789028D578B000168E4D /* Build configuration list for PBXNativeTarget "RawMaterialPrice" */;
			buildPhases = (
				F3725FC89D9C6A54E9AFD876 /* [CP] Check Pods Manifest.lock */,
				AC50786228D578AF00168E4D /* Sources */,
				AC50786328D578AF00168E4D /* Frameworks */,
				AC50786428D578AF00168E4D /* Resources */,
				3882BE5FB726C48B3110FFCA /* [CP] Embed Pods Frameworks */,
			);
			buildRules = (
			);
			dependencies = (
			);
			name = RawMaterialPrice;
			productName = RawMaterialPrice;
			productReference = AC50786628D578AF00168E4D /* RawMaterialPrice.app */;
			productType = "com.apple.product-type.application";
		};
		AC50787B28D578B000168E4D /* RawMaterialPriceTests */ = {
			isa = PBXNativeTarget;
			buildConfigurationList = AC50789328D578B000168E4D /* Build configuration list for PBXNativeTarget "RawMaterialPriceTests" */;
			buildPhases = (
				DDE61DEFCEBD7117D33BA170 /* [CP] Check Pods Manifest.lock */,
				AC50787828D578B000168E4D /* Sources */,
				AC50787928D578B000168E4D /* Frameworks */,
				AC50787A28D578B000168E4D /* Resources */,
			);
			buildRules = (
			);
			dependencies = (
				AC50787E28D578B000168E4D /* PBXTargetDependency */,
			);
			name = RawMaterialPriceTests;
			productName = RawMaterialPriceTests;
			productReference = AC50787C28D578B000168E4D /* RawMaterialPriceTests.xctest */;
			productType = "com.apple.product-type.bundle.unit-test";
		};
		AC50788528D578B000168E4D /* RawMaterialPriceUITests */ = {
			isa = PBXNativeTarget;
			buildConfigurationList = AC50789628D578B000168E4D /* Build configuration list for PBXNativeTarget "RawMaterialPriceUITests" */;
			buildPhases = (
				EA342D37B84817B363D5B1B6 /* [CP] Check Pods Manifest.lock */,
				AC50788228D578B000168E4D /* Sources */,
				AC50788328D578B000168E4D /* Frameworks */,
				AC50788428D578B000168E4D /* Resources */,
			);
			buildRules = (
			);
			dependencies = (
				AC50788828D578B000168E4D /* PBXTargetDependency */,
			);
			name = RawMaterialPriceUITests;
			productName = RawMaterialPriceUITests;
			productReference = AC50788628D578B000168E4D /* RawMaterialPriceUITests.xctest */;
			productType = "com.apple.product-type.bundle.ui-testing";
		};
/* End PBXNativeTarget section */

/* Begin PBXProject section */
		AC50785E28D578AF00168E4D /* Project object */ = {
			isa = PBXProject;
			attributes = {
				BuildIndependentTargetsInParallel = 1;
				LastSwiftUpdateCheck = 1400;
				LastUpgradeCheck = 1400;
				TargetAttributes = {
					AC50786528D578AF00168E4D = {
						CreatedOnToolsVersion = 14.0;
					};
					AC50787B28D578B000168E4D = {
						CreatedOnToolsVersion = 14.0;
						TestTargetID = AC50786528D578AF00168E4D;
					};
					AC50788528D578B000168E4D = {
						CreatedOnToolsVersion = 14.0;
						TestTargetID = AC50786528D578AF00168E4D;
					};
				};
			};
			buildConfigurationList = AC50786128D578AF00168E4D /* Build configuration list for PBXProject "RawMaterialPrice" */;
			compatibilityVersion = "Xcode 13.0";
			developmentRegion = en;
			hasScannedForEncodings = 0;
			knownRegions = (
				en,
				Base,
			);
			mainGroup = AC50785D28D578AF00168E4D;
			productRefGroup = AC50786728D578AF00168E4D /* Products */;
			projectDirPath = "";
			projectRoot = "";
			targets = (
				AC50786528D578AF00168E4D /* RawMaterialPrice */,
				AC50787B28D578B000168E4D /* RawMaterialPriceTests */,
				AC50788528D578B000168E4D /* RawMaterialPriceUITests */,
			);
		};
/* End PBXProject section */

/* Begin PBXResourcesBuildPhase section */
		AC50786428D578AF00168E4D /* Resources */ = {
			isa = PBXResourcesBuildPhase;
			buildActionMask = 2147483647;
			files = (
				AC50787628D578B000168E4D /* LaunchScreen.storyboard in Resources */,
				AC50787328D578B000168E4D /* Assets.xcassets in Resources */,
				AC50787128D578AF00168E4D /* Main.storyboard in Resources */,
			);
			runOnlyForDeploymentPostprocessing = 0;
		};
		AC50787A28D578B000168E4D /* Resources */ = {
			isa = PBXResourcesBuildPhase;
			buildActionMask = 2147483647;
			files = (
			);
			runOnlyForDeploymentPostprocessing = 0;
		};
		AC50788428D578B000168E4D /* Resources */ = {
			isa = PBXResourcesBuildPhase;
			buildActionMask = 2147483647;
			files = (
			);
			runOnlyForDeploymentPostprocessing = 0;
		};
/* End PBXResourcesBuildPhase section */

/* Begin PBXShellScriptBuildPhase section */
		3882BE5FB726C48B3110FFCA /* [CP] Embed Pods Frameworks */ = {
			isa = PBXShellScriptBuildPhase;
			buildActionMask = 2147483647;
			files = (
			);
			inputFileListPaths = (
				"${PODS_ROOT}/Target Support Files/Pods-RawMaterialPrice/Pods-RawMaterialPrice-frameworks-${CONFIGURATION}-input-files.xcfilelist",
			);
			name = "[CP] Embed Pods Frameworks";
			outputFileListPaths = (
				"${PODS_ROOT}/Target Support Files/Pods-RawMaterialPrice/Pods-RawMaterialPrice-frameworks-${CONFIGURATION}-output-files.xcfilelist",
			);
			runOnlyForDeploymentPostprocessing = 0;
			shellPath = /bin/sh;
			shellScript = "\"${PODS_ROOT}/Target Support Files/Pods-RawMaterialPrice/Pods-RawMaterialPrice-frameworks.sh\"\n";
			showEnvVarsInLog = 0;
		};
		DDE61DEFCEBD7117D33BA170 /* [CP] Check Pods Manifest.lock */ = {
			isa = PBXShellScriptBuildPhase;
			buildActionMask = 2147483647;
			files = (
			);
			inputFileListPaths = (
			);
			inputPaths = (
				"${PODS_PODFILE_DIR_PATH}/Podfile.lock",
				"${PODS_ROOT}/Manifest.lock",
			);
			name = "[CP] Check Pods Manifest.lock";
			outputFileListPaths = (
			);
			outputPaths = (
				"$(DERIVED_FILE_DIR)/Pods-RawMaterialPriceTests-checkManifestLockResult.txt",
			);
			runOnlyForDeploymentPostprocessing = 0;
			shellPath = /bin/sh;
			shellScript = "diff \"${PODS_PODFILE_DIR_PATH}/Podfile.lock\" \"${PODS_ROOT}/Manifest.lock\" > /dev/null\nif [ $? != 0 ] ; then\n    # print error to STDERR\n    echo \"error: The sandbox is not in sync with the Podfile.lock. Run 'pod install' or update your CocoaPods installation.\" >&2\n    exit 1\nfi\n# This output is used by Xcode 'outputs' to avoid re-running this script phase.\necho \"SUCCESS\" > \"${SCRIPT_OUTPUT_FILE_0}\"\n";
			showEnvVarsInLog = 0;
		};
		EA342D37B84817B363D5B1B6 /* [CP] Check Pods Manifest.lock */ = {
			isa = PBXShellScriptBuildPhase;
			buildActionMask = 2147483647;
			files = (
			);
			inputFileListPaths = (
			);
			inputPaths = (
				"${PODS_PODFILE_DIR_PATH}/Podfile.lock",
				"${PODS_ROOT}/Manifest.lock",
			);
			name = "[CP] Check Pods Manifest.lock";
			outputFileListPaths = (
			);
			outputPaths = (
				"$(DERIVED_FILE_DIR)/Pods-RawMaterialPriceUITests-checkManifestLockResult.txt",
			);
			runOnlyForDeploymentPostprocessing = 0;
			shellPath = /bin/sh;
			shellScript = "diff \"${PODS_PODFILE_DIR_PATH}/Podfile.lock\" \"${PODS_ROOT}/Manifest.lock\" > /dev/null\nif [ $? != 0 ] ; then\n    # print error to STDERR\n    echo \"error: The sandbox is not in sync with the Podfile.lock. Run 'pod install' or update your CocoaPods installation.\" >&2\n    exit 1\nfi\n# This output is used by Xcode 'outputs' to avoid re-running this script phase.\necho \"SUCCESS\" > \"${SCRIPT_OUTPUT_FILE_0}\"\n";
			showEnvVarsInLog = 0;
		};
		F3725FC89D9C6A54E9AFD876 /* [CP] Check Pods Manifest.lock */ = {
			isa = PBXShellScriptBuildPhase;
			buildActionMask = 2147483647;
			files = (
			);
			inputFileListPaths = (
			);
			inputPaths = (
				"${PODS_PODFILE_DIR_PATH}/Podfile.lock",
				"${PODS_ROOT}/Manifest.lock",
			);
			name = "[CP] Check Pods Manifest.lock";
			outputFileListPaths = (
			);
			outputPaths = (
				"$(DERIVED_FILE_DIR)/Pods-RawMaterialPrice-checkManifestLockResult.txt",
			);
			runOnlyForDeploymentPostprocessing = 0;
			shellPath = /bin/sh;
			shellScript = "diff \"${PODS_PODFILE_DIR_PATH}/Podfile.lock\" \"${PODS_ROOT}/Manifest.lock\" > /dev/null\nif [ $? != 0 ] ; then\n    # print error to STDERR\n    echo \"error: The sandbox is not in sync with the Podfile.lock. Run 'pod install' or update your CocoaPods installation.\" >&2\n    exit 1\nfi\n# This output is used by Xcode 'outputs' to avoid re-running this script phase.\necho \"SUCCESS\" > \"${SCRIPT_OUTPUT_FILE_0}\"\n";
			showEnvVarsInLog = 0;
		};
/* End PBXShellScriptBuildPhase section */

/* Begin PBXSourcesBuildPhase section */
		AC50786228D578AF00168E4D /* Sources */ = {
			isa = PBXSourcesBuildPhase;
			buildActionMask = 2147483647;
			files = (
				AC50786E28D578AF00168E4D /* ViewController.swift in Sources */,
				AC50786A28D578AF00168E4D /* AppDelegate.swift in Sources */,
				AC50786C28D578AF00168E4D /* SceneDelegate.swift in Sources */,
			);
			runOnlyForDeploymentPostprocessing = 0;
		};
		AC50787828D578B000168E4D /* Sources */ = {
			isa = PBXSourcesBuildPhase;
			buildActionMask = 2147483647;
			files = (
				AC50788128D578B000168E4D /* RawMaterialPriceTests.swift in Sources */,
			);
			runOnlyForDeploymentPostprocessing = 0;
		};
		AC50788228D578B000168E4D /* Sources */ = {
			isa = PBXSourcesBuildPhase;
			buildActionMask = 2147483647;
			files = (
				AC50788D28D578B000168E4D /* RawMaterialPriceUITestsLaunchTests.swift in Sources */,
				AC50788B28D578B000168E4D /* RawMaterialPriceUITests.swift in Sources */,
			);
			runOnlyForDeploymentPostprocessing = 0;
		};
/* End PBXSourcesBuildPhase section */

/* Begin PBXTargetDependency section */
		AC50787E28D578B000168E4D /* PBXTargetDependency */ = {
			isa = PBXTargetDependency;
			target = AC50786528D578AF00168E4D /* RawMaterialPrice */;
			targetProxy = AC50787D28D578B000168E4D /* PBXContainerItemProxy */;
		};
		AC50788828D578B000168E4D /* PBXTargetDependency */ = {
			isa = PBXTargetDependency;
			target = AC50786528D578AF00168E4D /* RawMaterialPrice */;
			targetProxy = AC50788728D578B000168E4D /* PBXContainerItemProxy */;
		};
/* End PBXTargetDependency section */

/* Begin PBXVariantGroup section */
		AC50786F28D578AF00168E4D /* Main.storyboard */ = {
			isa = PBXVariantGroup;
			children = (
				AC50787028D578AF00168E4D /* Base */,
			);
			name = Main.storyboard;
			sourceTree = "<group>";
		};
		AC50787428D578B000168E4D /* LaunchScreen.storyboard */ = {
			isa = PBXVariantGroup;
			children = (
				AC50787528D578B000168E4D /* Base */,
			);
			name = LaunchScreen.storyboard;
			sourceTree = "<group>";
		};
/* End PBXVariantGroup section */

/* Begin XCBuildConfiguration section */
		AC50788E28D578B000168E4D /* Debug */ = {
			isa = XCBuildConfiguration;
			buildSettings = {
				ALWAYS_SEARCH_USER_PATHS = NO;
				CLANG_ANALYZER_NONNULL = YES;
				CLANG_ANALYZER_NUMBER_OBJECT_CONVERSION = YES_AGGRESSIVE;
				CLANG_CXX_LANGUAGE_STANDARD = "gnu++20";
				CLANG_ENABLE_MODULES = YES;
				CLANG_ENABLE_OBJC_ARC = YES;
				CLANG_ENABLE_OBJC_WEAK = YES;
				CLANG_WARN_BLOCK_CAPTURE_AUTORELEASING = YES;
				CLANG_WARN_BOOL_CONVERSION = YES;
				CLANG_WARN_COMMA = YES;
				CLANG_WARN_CONSTANT_CONVERSION = YES;
				CLANG_WARN_DEPRECATED_OBJC_IMPLEMENTATIONS = YES;
				CLANG_WARN_DIRECT_OBJC_ISA_USAGE = YES_ERROR;
				CLANG_WARN_DOCUMENTATION_COMMENTS = YES;
				CLANG_WARN_EMPTY_BODY = YES;
				CLANG_WARN_ENUM_CONVERSION = YES;
				CLANG_WARN_INFINITE_RECURSION = YES;
				CLANG_WARN_INT_CONVERSION = YES;
				CLANG_WARN_NON_LITERAL_NULL_CONVERSION = YES;
				CLANG_WARN_OBJC_IMPLICIT_RETAIN_SELF = YES;
				CLANG_WARN_OBJC_LITERAL_CONVERSION = YES;
				CLANG_WARN_OBJC_ROOT_CLASS = YES_ERROR;
				CLANG_WARN_QUOTED_INCLUDE_IN_FRAMEWORK_HEADER = YES;
				CLANG_WARN_RANGE_LOOP_ANALYSIS = YES;
				CLANG_WARN_STRICT_PROTOTYPES = YES;
				CLANG_WARN_SUSPICIOUS_MOVE = YES;
				CLANG_WARN_UNGUARDED_AVAILABILITY = YES_AGGRESSIVE;
				CLANG_WARN_UNREACHABLE_CODE = YES;
				CLANG_WARN__DUPLICATE_METHOD_MATCH = YES;
				COPY_PHASE_STRIP = NO;
				DEBUG_INFORMATION_FORMAT = dwarf;
				ENABLE_STRICT_OBJC_MSGSEND = YES;
				ENABLE_TESTABILITY = YES;
				GCC_C_LANGUAGE_STANDARD = gnu11;
				GCC_DYNAMIC_NO_PIC = NO;
				GCC_NO_COMMON_BLOCKS = YES;
				GCC_OPTIMIZATION_LEVEL = 0;
				GCC_PREPROCESSOR_DEFINITIONS = (
					"DEBUG=1",
					"$(inherited)",
				);
				GCC_WARN_64_TO_32_BIT_CONVERSION = YES;
				GCC_WARN_ABOUT_RETURN_TYPE = YES_ERROR;
				GCC_WARN_UNDECLARED_SELECTOR = YES;
				GCC_WARN_UNINITIALIZED_AUTOS = YES_AGGRESSIVE;
				GCC_WARN_UNUSED_FUNCTION = YES;
				GCC_WARN_UNUSED_VARIABLE = YES;
				IPHONEOS_DEPLOYMENT_TARGET = 16.0;
				MTL_ENABLE_DEBUG_INFO = INCLUDE_SOURCE;
				MTL_FAST_MATH = YES;
				ONLY_ACTIVE_ARCH = YES;
				SDKROOT = iphoneos;
				SWIFT_ACTIVE_COMPILATION_CONDITIONS = DEBUG;
				SWIFT_OPTIMIZATION_LEVEL = "-Onone";
			};
			name = Debug;
		};
		AC50788F28D578B000168E4D /* Release */ = {
			isa = XCBuildConfiguration;
			buildSettings = {
				ALWAYS_SEARCH_USER_PATHS = NO;
				CLANG_ANALYZER_NONNULL = YES;
				CLANG_ANALYZER_NUMBER_OBJECT_CONVERSION = YES_AGGRESSIVE;
				CLANG_CXX_LANGUAGE_STANDARD = "gnu++20";
				CLANG_ENABLE_MODULES = YES;
				CLANG_ENABLE_OBJC_ARC = YES;
				CLANG_ENABLE_OBJC_WEAK = YES;
				CLANG_WARN_BLOCK_CAPTURE_AUTORELEASING = YES;
				CLANG_WARN_BOOL_CONVERSION = YES;
				CLANG_WARN_COMMA = YES;
				CLANG_WARN_CONSTANT_CONVERSION = YES;
				CLANG_WARN_DEPRECATED_OBJC_IMPLEMENTATIONS = YES;
				CLANG_WARN_DIRECT_OBJC_ISA_USAGE = YES_ERROR;
				CLANG_WARN_DOCUMENTATION_COMMENTS = YES;
				CLANG_WARN_EMPTY_BODY = YES;
				CLANG_WARN_ENUM_CONVERSION = YES;
				CLANG_WARN_INFINITE_RECURSION = YES;
				CLANG_WARN_INT_CONVERSION = YES;
				CLANG_WARN_NON_LITERAL_NULL_CONVERSION = YES;
				CLANG_WARN_OBJC_IMPLICIT_RETAIN_SELF = YES;
				CLANG_WARN_OBJC_LITERAL_CONVERSION = YES;
				CLANG_WARN_OBJC_ROOT_CLASS = YES_ERROR;
				CLANG_WARN_QUOTED_INCLUDE_IN_FRAMEWORK_HEADER = YES;
				CLANG_WARN_RANGE_LOOP_ANALYSIS = YES;
				CLANG_WARN_STRICT_PROTOTYPES = YES;
				CLANG_WARN_SUSPICIOUS_MOVE = YES;
				CLANG_WARN_UNGUARDED_AVAILABILITY = YES_AGGRESSIVE;
				CLANG_WARN_UNREACHABLE_CODE = YES;
				CLANG_WARN__DUPLICATE_METHOD_MATCH = YES;
				COPY_PHASE_STRIP = NO;
				DEBUG_INFORMATION_FORMAT = "dwarf-with-dsym";
				ENABLE_NS_ASSERTIONS = NO;
				ENABLE_STRICT_OBJC_MSGSEND = YES;
				GCC_C_LANGUAGE_STANDARD = gnu11;
				GCC_NO_COMMON_BLOCKS = YES;
				GCC_WARN_64_TO_32_BIT_CONVERSION = YES;
				GCC_WARN_ABOUT_RETURN_TYPE = YES_ERROR;
				GCC_WARN_UNDECLARED_SELECTOR = YES;
				GCC_WARN_UNINITIALIZED_AUTOS = YES_AGGRESSIVE;
				GCC_WARN_UNUSED_FUNCTION = YES;
				GCC_WARN_UNUSED_VARIABLE = YES;
				IPHONEOS_DEPLOYMENT_TARGET = 16.0;
				MTL_ENABLE_DEBUG_INFO = NO;
				MTL_FAST_MATH = YES;
				SDKROOT = iphoneos;
				SWIFT_COMPILATION_MODE = wholemodule;
				SWIFT_OPTIMIZATION_LEVEL = "-O";
				VALIDATE_PRODUCT = YES;
			};
			name = Release;
		};
		AC50789128D578B000168E4D /* Debug */ = {
			isa = XCBuildConfiguration;
			baseConfigurationReference = 24A430E40FF9F18E74A6D887 /* Pods-RawMaterialPrice.debug.xcconfig */;
			buildSettings = {
				ASSETCATALOG_COMPILER_APPICON_NAME = AppIcon;
				ASSETCATALOG_COMPILER_GLOBAL_ACCENT_COLOR_NAME = AccentColor;
				CODE_SIGN_STYLE = Automatic;
				CURRENT_PROJECT_VERSION = 1;
				DEVELOPMENT_TEAM = WY5E8U82TN;
				GENERATE_INFOPLIST_FILE = YES;
				INFOPLIST_FILE = RawMaterialPrice/Info.plist;
				INFOPLIST_KEY_UIApplicationSupportsIndirectInputEvents = YES;
				INFOPLIST_KEY_UILaunchStoryboardName = LaunchScreen;
				INFOPLIST_KEY_UIMainStoryboardFile = Main;
				INFOPLIST_KEY_UISupportedInterfaceOrientations_iPad = "UIInterfaceOrientationPortrait UIInterfaceOrientationPortraitUpsideDown UIInterfaceOrientationLandscapeLeft UIInterfaceOrientationLandscapeRight";
				INFOPLIST_KEY_UISupportedInterfaceOrientations_iPhone = "UIInterfaceOrientationPortrait UIInterfaceOrientationLandscapeLeft UIInterfaceOrientationLandscapeRight";
				LD_RUNPATH_SEARCH_PATHS = (
					"$(inherited)",
					"@executable_path/Frameworks",
				);
				MARKETING_VERSION = 1.0;
				PRODUCT_BUNDLE_IDENTIFIER = kr.co.ipdisk.dbspark711.RawMaterialPrice;
				PRODUCT_NAME = "$(TARGET_NAME)";
				SWIFT_EMIT_LOC_STRINGS = YES;
				SWIFT_VERSION = 5.0;
				TARGETED_DEVICE_FAMILY = "1,2";
			};
			name = Debug;
		};
		AC50789228D578B000168E4D /* Release */ = {
			isa = XCBuildConfiguration;
			baseConfigurationReference = BDE6B8EEAFE05924FB49CF08 /* Pods-RawMaterialPrice.release.xcconfig */;
			buildSettings = {
				ASSETCATALOG_COMPILER_APPICON_NAME = AppIcon;
				ASSETCATALOG_COMPILER_GLOBAL_ACCENT_COLOR_NAME = AccentColor;
				CODE_SIGN_STYLE = Automatic;
				CURRENT_PROJECT_VERSION = 1;
				DEVELOPMENT_TEAM = WY5E8U82TN;
				GENERATE_INFOPLIST_FILE = YES;
				INFOPLIST_FILE = RawMaterialPrice/Info.plist;
				INFOPLIST_KEY_UIApplicationSupportsIndirectInputEvents = YES;
				INFOPLIST_KEY_UILaunchStoryboardName = LaunchScreen;
				INFOPLIST_KEY_UIMainStoryboardFile = Main;
				INFOPLIST_KEY_UISupportedInterfaceOrientations_iPad = "UIInterfaceOrientationPortrait UIInterfaceOrientationPortraitUpsideDown UIInterfaceOrientationLandscapeLeft UIInterfaceOrientationLandscapeRight";
				INFOPLIST_KEY_UISupportedInterfaceOrientations_iPhone = "UIInterfaceOrientationPortrait UIInterfaceOrientationLandscapeLeft UIInterfaceOrientationLandscapeRight";
				LD_RUNPATH_SEARCH_PATHS = (
					"$(inherited)",
					"@executable_path/Frameworks",
				);
				MARKETING_VERSION = 1.0;
				PRODUCT_BUNDLE_IDENTIFIER = kr.co.ipdisk.dbspark711.RawMaterialPrice;
				PRODUCT_NAME = "$(TARGET_NAME)";
				SWIFT_EMIT_LOC_STRINGS = YES;
				SWIFT_VERSION = 5.0;
				TARGETED_DEVICE_FAMILY = "1,2";
			};
			name = Release;
		};
		AC50789428D578B000168E4D /* Debug */ = {
			isa = XCBuildConfiguration;
			baseConfigurationReference = EB9807AC6BD9B8C8F484F81C /* Pods-RawMaterialPriceTests.debug.xcconfig */;
			buildSettings = {
				ALWAYS_EMBED_SWIFT_STANDARD_LIBRARIES = YES;
				BUNDLE_LOADER = "$(TEST_HOST)";
				CODE_SIGN_STYLE = Automatic;
				CURRENT_PROJECT_VERSION = 1;
				DEVELOPMENT_TEAM = WY5E8U82TN;
				GENERATE_INFOPLIST_FILE = YES;
				IPHONEOS_DEPLOYMENT_TARGET = 16.0;
				MARKETING_VERSION = 1.0;
				PRODUCT_BUNDLE_IDENTIFIER = kr.co.ipdisk.dbspark711.RawMaterialPriceTests;
				PRODUCT_NAME = "$(TARGET_NAME)";
				SWIFT_EMIT_LOC_STRINGS = NO;
				SWIFT_VERSION = 5.0;
				TARGETED_DEVICE_FAMILY = "1,2";
				TEST_HOST = "$(BUILT_PRODUCTS_DIR)/RawMaterialPrice.app/$(BUNDLE_EXECUTABLE_FOLDER_PATH)/RawMaterialPrice";
			};
			name = Debug;
		};
		AC50789528D578B000168E4D /* Release */ = {
			isa = XCBuildConfiguration;
			baseConfigurationReference = F1799D03F6ED605D2DE6CB9D /* Pods-RawMaterialPriceTests.release.xcconfig */;
			buildSettings = {
				ALWAYS_EMBED_SWIFT_STANDARD_LIBRARIES = YES;
				BUNDLE_LOADER = "$(TEST_HOST)";
				CODE_SIGN_STYLE = Automatic;
				CURRENT_PROJECT_VERSION = 1;
				DEVELOPMENT_TEAM = WY5E8U82TN;
				GENERATE_INFOPLIST_FILE = YES;
				IPHONEOS_DEPLOYMENT_TARGET = 16.0;
				MARKETING_VERSION = 1.0;
				PRODUCT_BUNDLE_IDENTIFIER = kr.co.ipdisk.dbspark711.RawMaterialPriceTests;
				PRODUCT_NAME = "$(TARGET_NAME)";
				SWIFT_EMIT_LOC_STRINGS = NO;
				SWIFT_VERSION = 5.0;
				TARGETED_DEVICE_FAMILY = "1,2";
				TEST_HOST = "$(BUILT_PRODUCTS_DIR)/RawMaterialPrice.app/$(BUNDLE_EXECUTABLE_FOLDER_PATH)/RawMaterialPrice";
			};
			name = Release;
		};
		AC50789728D578B000168E4D /* Debug */ = {
			isa = XCBuildConfiguration;
			baseConfigurationReference = 12BFC32041441DBA6B9BAD20 /* Pods-RawMaterialPriceUITests.debug.xcconfig */;
			buildSettings = {
				ALWAYS_EMBED_SWIFT_STANDARD_LIBRARIES = YES;
				CODE_SIGN_STYLE = Automatic;
				CURRENT_PROJECT_VERSION = 1;
				DEVELOPMENT_TEAM = WY5E8U82TN;
				GENERATE_INFOPLIST_FILE = YES;
				MARKETING_VERSION = 1.0;
				PRODUCT_BUNDLE_IDENTIFIER = kr.co.ipdisk.dbspark711.RawMaterialPriceUITests;
				PRODUCT_NAME = "$(TARGET_NAME)";
				SWIFT_EMIT_LOC_STRINGS = NO;
				SWIFT_VERSION = 5.0;
				TARGETED_DEVICE_FAMILY = "1,2";
				TEST_TARGET_NAME = RawMaterialPrice;
			};
			name = Debug;
		};
		AC50789828D578B000168E4D /* Release */ = {
			isa = XCBuildConfiguration;
			baseConfigurationReference = 762A358B343C38ACB2017843 /* Pods-RawMaterialPriceUITests.release.xcconfig */;
			buildSettings = {
				ALWAYS_EMBED_SWIFT_STANDARD_LIBRARIES = YES;
				CODE_SIGN_STYLE = Automatic;
				CURRENT_PROJECT_VERSION = 1;
				DEVELOPMENT_TEAM = WY5E8U82TN;
				GENERATE_INFOPLIST_FILE = YES;
				MARKETING_VERSION = 1.0;
				PRODUCT_BUNDLE_IDENTIFIER = kr.co.ipdisk.dbspark711.RawMaterialPriceUITests;
				PRODUCT_NAME = "$(TARGET_NAME)";
				SWIFT_EMIT_LOC_STRINGS = NO;
				SWIFT_VERSION = 5.0;
				TARGETED_DEVICE_FAMILY = "1,2";
				TEST_TARGET_NAME = RawMaterialPrice;
			};
			name = Release;
		};
/* End XCBuildConfiguration section */

/* Begin XCConfigurationList section */
		AC50786128D578AF00168E4D /* Build configuration list for PBXProject "RawMaterialPrice" */ = {
			isa = XCConfigurationList;
			buildConfigurations = (
				AC50788E28D578B000168E4D /* Debug */,
				AC50788F28D578B000168E4D /* Release */,
			);
			defaultConfigurationIsVisible = 0;
			defaultConfigurationName = Release;
		};
		AC50789028D578B000168E4D /* Build configuration list for PBXNativeTarget "RawMaterialPrice" */ = {
			isa = XCConfigurationList;
			buildConfigurations = (
				AC50789128D578B000168E4D /* Debug */,
				AC50789228D578B000168E4D /* Release */,
			);
			defaultConfigurationIsVisible = 0;
			defaultConfigurationName = Release;
		};
		AC50789328D578B000168E4D /* Build configuration list for PBXNativeTarget "RawMaterialPriceTests" */ = {
			isa = XCConfigurationList;
			buildConfigurations = (
				AC50789428D578B000168E4D /* Debug */,
				AC50789528D578B000168E4D /* Release */,
			);
			defaultConfigurationIsVisible = 0;
			defaultConfigurationName = Release;
		};
		AC50789628D578B000168E4D /* Build configuration list for PBXNativeTarget "RawMaterialPriceUITests" */ = {
			isa = XCConfigurationList;
			buildConfigurations = (
				AC50789728D578B000168E4D /* Debug */,
				AC50789828D578B000168E4D /* Release */,
			);
			defaultConfigurationIsVisible = 0;
			defaultConfigurationName = Release;
		};
/* End XCConfigurationList section */
	};
	rootObject = AC50785E28D578AF00168E4D /* Project object */;
}
