// !$*UTF8*$!
{
	archiveVersion = 1;
	classes = {
	};
	objectVersion = 55;
	objects = {

/* Begin PBXBuildFile section */
		6CD702B8D1E6EDAFBDF7A867 /* Pods_EasyD_DayTests.framework in Frameworks */ = {isa = PBXBuildFile; fileRef = 9DFCBCFFD77C18EB3F8B580C /* Pods_EasyD_DayTests.framework */; };
		9CAEC2ED28D1F70B37798F52 /* Pods_EasyD_DayUITests.framework in Frameworks */ = {isa = PBXBuildFile; fileRef = 02CF9F42744605BDFA20A8E8 /* Pods_EasyD_DayUITests.framework */; };
		AC50782B28D5787B00168E4D /* AppDelegate.swift in Sources */ = {isa = PBXBuildFile; fileRef = AC50782A28D5787B00168E4D /* AppDelegate.swift */; };
		AC50782D28D5787B00168E4D /* SceneDelegate.swift in Sources */ = {isa = PBXBuildFile; fileRef = AC50782C28D5787B00168E4D /* SceneDelegate.swift */; };
		AC50782F28D5787B00168E4D /* ViewController.swift in Sources */ = {isa = PBXBuildFile; fileRef = AC50782E28D5787B00168E4D /* ViewController.swift */; };
		AC50783228D5787B00168E4D /* Main.storyboard in Resources */ = {isa = PBXBuildFile; fileRef = AC50783028D5787B00168E4D /* Main.storyboard */; };
		AC50783528D5787B00168E4D /* EasyD_Day.xcdatamodeld in Sources */ = {isa = PBXBuildFile; fileRef = AC50783328D5787B00168E4D /* EasyD_Day.xcdatamodeld */; };
		AC50783728D5787C00168E4D /* Assets.xcassets in Resources */ = {isa = PBXBuildFile; fileRef = AC50783628D5787C00168E4D /* Assets.xcassets */; };
		AC50783A28D5787C00168E4D /* LaunchScreen.storyboard in Resources */ = {isa = PBXBuildFile; fileRef = AC50783828D5787C00168E4D /* LaunchScreen.storyboard */; };
		AC50784528D5787C00168E4D /* EasyD_DayTests.swift in Sources */ = {isa = PBXBuildFile; fileRef = AC50784428D5787C00168E4D /* EasyD_DayTests.swift */; };
		AC50784F28D5787C00168E4D /* EasyD_DayUITests.swift in Sources */ = {isa = PBXBuildFile; fileRef = AC50784E28D5787C00168E4D /* EasyD_DayUITests.swift */; };
		AC50785128D5787C00168E4D /* EasyD_DayUITestsLaunchTests.swift in Sources */ = {isa = PBXBuildFile; fileRef = AC50785028D5787C00168E4D /* EasyD_DayUITestsLaunchTests.swift */; };
		B792395F343A15F2FD179464 /* Pods_EasyD_Day.framework in Frameworks */ = {isa = PBXBuildFile; fileRef = E4A916D61EFE3B63C4069034 /* Pods_EasyD_Day.framework */; };
/* End PBXBuildFile section */

/* Begin PBXContainerItemProxy section */
		AC50784128D5787C00168E4D /* PBXContainerItemProxy */ = {
			isa = PBXContainerItemProxy;
			containerPortal = AC50781F28D5787B00168E4D /* Project object */;
			proxyType = 1;
			remoteGlobalIDString = AC50782628D5787B00168E4D;
			remoteInfo = "EasyD-Day";
		};
		AC50784B28D5787C00168E4D /* PBXContainerItemProxy */ = {
			isa = PBXContainerItemProxy;
			containerPortal = AC50781F28D5787B00168E4D /* Project object */;
			proxyType = 1;
			remoteGlobalIDString = AC50782628D5787B00168E4D;
			remoteInfo = "EasyD-Day";
		};
/* End PBXContainerItemProxy section */

/* Begin PBXFileReference section */
		02CF9F42744605BDFA20A8E8 /* Pods_EasyD_DayUITests.framework */ = {isa = PBXFileReference; explicitFileType = wrapper.framework; includeInIndex = 0; path = Pods_EasyD_DayUITests.framework; sourceTree = BUILT_PRODUCTS_DIR; };
		122BEAD2271F9D8815135696 /* Pods-EasyD-Day.release.xcconfig */ = {isa = PBXFileReference; includeInIndex = 1; lastKnownFileType = text.xcconfig; name = "Pods-EasyD-Day.release.xcconfig"; path = "Target Support Files/Pods-EasyD-Day/Pods-EasyD-Day.release.xcconfig"; sourceTree = "<group>"; };
		32657161983A3BBDC04CE982 /* Pods-EasyD-DayTests.debug.xcconfig */ = {isa = PBXFileReference; includeInIndex = 1; lastKnownFileType = text.xcconfig; name = "Pods-EasyD-DayTests.debug.xcconfig"; path = "Target Support Files/Pods-EasyD-DayTests/Pods-EasyD-DayTests.debug.xcconfig"; sourceTree = "<group>"; };
		4137EE0FB3164FFEBC226895 /* Pods-EasyD-DayUITests.debug.xcconfig */ = {isa = PBXFileReference; includeInIndex = 1; lastKnownFileType = text.xcconfig; name = "Pods-EasyD-DayUITests.debug.xcconfig"; path = "Target Support Files/Pods-EasyD-DayUITests/Pods-EasyD-DayUITests.debug.xcconfig"; sourceTree = "<group>"; };
		9DFCBCFFD77C18EB3F8B580C /* Pods_EasyD_DayTests.framework */ = {isa = PBXFileReference; explicitFileType = wrapper.framework; includeInIndex = 0; path = Pods_EasyD_DayTests.framework; sourceTree = BUILT_PRODUCTS_DIR; };
		A288341E2729BA4CFE93C8F9 /* Pods-EasyD-DayUITests.release.xcconfig */ = {isa = PBXFileReference; includeInIndex = 1; lastKnownFileType = text.xcconfig; name = "Pods-EasyD-DayUITests.release.xcconfig"; path = "Target Support Files/Pods-EasyD-DayUITests/Pods-EasyD-DayUITests.release.xcconfig"; sourceTree = "<group>"; };
		A60EAB46DC796F5596A49968 /* Pods-EasyD-DayTests.release.xcconfig */ = {isa = PBXFileReference; includeInIndex = 1; lastKnownFileType = text.xcconfig; name = "Pods-EasyD-DayTests.release.xcconfig"; path = "Target Support Files/Pods-EasyD-DayTests/Pods-EasyD-DayTests.release.xcconfig"; sourceTree = "<group>"; };
		AC50782728D5787B00168E4D /* EasyD-Day.app */ = {isa = PBXFileReference; explicitFileType = wrapper.application; includeInIndex = 0; path = "EasyD-Day.app"; sourceTree = BUILT_PRODUCTS_DIR; };
		AC50782A28D5787B00168E4D /* AppDelegate.swift */ = {isa = PBXFileReference; lastKnownFileType = sourcecode.swift; path = AppDelegate.swift; sourceTree = "<group>"; };
		AC50782C28D5787B00168E4D /* SceneDelegate.swift */ = {isa = PBXFileReference; lastKnownFileType = sourcecode.swift; path = SceneDelegate.swift; sourceTree = "<group>"; };
		AC50782E28D5787B00168E4D /* ViewController.swift */ = {isa = PBXFileReference; lastKnownFileType = sourcecode.swift; path = ViewController.swift; sourceTree = "<group>"; };
		AC50783128D5787B00168E4D /* Base */ = {isa = PBXFileReference; lastKnownFileType = file.storyboard; name = Base; path = Base.lproj/Main.storyboard; sourceTree = "<group>"; };
		AC50783428D5787B00168E4D /* EasyD_Day.xcdatamodel */ = {isa = PBXFileReference; lastKnownFileType = wrapper.xcdatamodel; path = EasyD_Day.xcdatamodel; sourceTree = "<group>"; };
		AC50783628D5787C00168E4D /* Assets.xcassets */ = {isa = PBXFileReference; lastKnownFileType = folder.assetcatalog; path = Assets.xcassets; sourceTree = "<group>"; };
		AC50783928D5787C00168E4D /* Base */ = {isa = PBXFileReference; lastKnownFileType = file.storyboard; name = Base; path = Base.lproj/LaunchScreen.storyboard; sourceTree = "<group>"; };
		AC50783B28D5787C00168E4D /* Info.plist */ = {isa = PBXFileReference; lastKnownFileType = text.plist.xml; path = Info.plist; sourceTree = "<group>"; };
		AC50784028D5787C00168E4D /* EasyD-DayTests.xctest */ = {isa = PBXFileReference; explicitFileType = wrapper.cfbundle; includeInIndex = 0; path = "EasyD-DayTests.xctest"; sourceTree = BUILT_PRODUCTS_DIR; };
		AC50784428D5787C00168E4D /* EasyD_DayTests.swift */ = {isa = PBXFileReference; lastKnownFileType = sourcecode.swift; path = EasyD_DayTests.swift; sourceTree = "<group>"; };
		AC50784A28D5787C00168E4D /* EasyD-DayUITests.xctest */ = {isa = PBXFileReference; explicitFileType = wrapper.cfbundle; includeInIndex = 0; path = "EasyD-DayUITests.xctest"; sourceTree = BUILT_PRODUCTS_DIR; };
		AC50784E28D5787C00168E4D /* EasyD_DayUITests.swift */ = {isa = PBXFileReference; lastKnownFileType = sourcecode.swift; path = EasyD_DayUITests.swift; sourceTree = "<group>"; };
		AC50785028D5787C00168E4D /* EasyD_DayUITestsLaunchTests.swift */ = {isa = PBXFileReference; lastKnownFileType = sourcecode.swift; path = EasyD_DayUITestsLaunchTests.swift; sourceTree = "<group>"; };
		E36324B16CE9FF2DEBAECCEF /* Pods-EasyD-Day.debug.xcconfig */ = {isa = PBXFileReference; includeInIndex = 1; lastKnownFileType = text.xcconfig; name = "Pods-EasyD-Day.debug.xcconfig"; path = "Target Support Files/Pods-EasyD-Day/Pods-EasyD-Day.debug.xcconfig"; sourceTree = "<group>"; };
		E4A916D61EFE3B63C4069034 /* Pods_EasyD_Day.framework */ = {isa = PBXFileReference; explicitFileType = wrapper.framework; includeInIndex = 0; path = Pods_EasyD_Day.framework; sourceTree = BUILT_PRODUCTS_DIR; };
/* End PBXFileReference section */

/* Begin PBXFrameworksBuildPhase section */
		AC50782428D5787B00168E4D /* Frameworks */ = {
			isa = PBXFrameworksBuildPhase;
			buildActionMask = 2147483647;
			files = (
				B792395F343A15F2FD179464 /* Pods_EasyD_Day.framework in Frameworks */,
			);
			runOnlyForDeploymentPostprocessing = 0;
		};
		AC50783D28D5787C00168E4D /* Frameworks */ = {
			isa = PBXFrameworksBuildPhase;
			buildActionMask = 2147483647;
			files = (
				6CD702B8D1E6EDAFBDF7A867 /* Pods_EasyD_DayTests.framework in Frameworks */,
			);
			runOnlyForDeploymentPostprocessing = 0;
		};
		AC50784728D5787C00168E4D /* Frameworks */ = {
			isa = PBXFrameworksBuildPhase;
			buildActionMask = 2147483647;
			files = (
				9CAEC2ED28D1F70B37798F52 /* Pods_EasyD_DayUITests.framework in Frameworks */,
			);
			runOnlyForDeploymentPostprocessing = 0;
		};
/* End PBXFrameworksBuildPhase section */

/* Begin PBXGroup section */
		370051320D57F70F31AF29AC /* Pods */ = {
			isa = PBXGroup;
			children = (
				E36324B16CE9FF2DEBAECCEF /* Pods-EasyD-Day.debug.xcconfig */,
				122BEAD2271F9D8815135696 /* Pods-EasyD-Day.release.xcconfig */,
				32657161983A3BBDC04CE982 /* Pods-EasyD-DayTests.debug.xcconfig */,
				A60EAB46DC796F5596A49968 /* Pods-EasyD-DayTests.release.xcconfig */,
				4137EE0FB3164FFEBC226895 /* Pods-EasyD-DayUITests.debug.xcconfig */,
				A288341E2729BA4CFE93C8F9 /* Pods-EasyD-DayUITests.release.xcconfig */,
			);
			name = Pods;
			path = ../Pods;
			sourceTree = "<group>";
		};
		48A87D339ABB805E5E580568 /* Frameworks */ = {
			isa = PBXGroup;
			children = (
				E4A916D61EFE3B63C4069034 /* Pods_EasyD_Day.framework */,
				9DFCBCFFD77C18EB3F8B580C /* Pods_EasyD_DayTests.framework */,
				02CF9F42744605BDFA20A8E8 /* Pods_EasyD_DayUITests.framework */,
			);
			name = Frameworks;
			sourceTree = "<group>";
		};
		AC50781E28D5787B00168E4D = {
			isa = PBXGroup;
			children = (
				AC50782928D5787B00168E4D /* EasyD-Day */,
				AC50784328D5787C00168E4D /* EasyD-DayTests */,
				AC50784D28D5787C00168E4D /* EasyD-DayUITests */,
				AC50782828D5787B00168E4D /* Products */,
				370051320D57F70F31AF29AC /* Pods */,
				48A87D339ABB805E5E580568 /* Frameworks */,
			);
			sourceTree = "<group>";
		};
		AC50782828D5787B00168E4D /* Products */ = {
			isa = PBXGroup;
			children = (
				AC50782728D5787B00168E4D /* EasyD-Day.app */,
				AC50784028D5787C00168E4D /* EasyD-DayTests.xctest */,
				AC50784A28D5787C00168E4D /* EasyD-DayUITests.xctest */,
			);
			name = Products;
			sourceTree = "<group>";
		};
		AC50782928D5787B00168E4D /* EasyD-Day */ = {
			isa = PBXGroup;
			children = (
				AC50782A28D5787B00168E4D /* AppDelegate.swift */,
				AC50782C28D5787B00168E4D /* SceneDelegate.swift */,
				AC50782E28D5787B00168E4D /* ViewController.swift */,
				AC50783028D5787B00168E4D /* Main.storyboard */,
				AC50783628D5787C00168E4D /* Assets.xcassets */,
				AC50783828D5787C00168E4D /* LaunchScreen.storyboard */,
				AC50783B28D5787C00168E4D /* Info.plist */,
				AC50783328D5787B00168E4D /* EasyD_Day.xcdatamodeld */,
			);
			path = "EasyD-Day";
			sourceTree = "<group>";
		};
		AC50784328D5787C00168E4D /* EasyD-DayTests */ = {
			isa = PBXGroup;
			children = (
				AC50784428D5787C00168E4D /* EasyD_DayTests.swift */,
			);
			path = "EasyD-DayTests";
			sourceTree = "<group>";
		};
		AC50784D28D5787C00168E4D /* EasyD-DayUITests */ = {
			isa = PBXGroup;
			children = (
				AC50784E28D5787C00168E4D /* EasyD_DayUITests.swift */,
				AC50785028D5787C00168E4D /* EasyD_DayUITestsLaunchTests.swift */,
			);
			path = "EasyD-DayUITests";
			sourceTree = "<group>";
		};
/* End PBXGroup section */

/* Begin PBXNativeTarget section */
		AC50782628D5787B00168E4D /* EasyD-Day */ = {
			isa = PBXNativeTarget;
			buildConfigurationList = AC50785428D5787C00168E4D /* Build configuration list for PBXNativeTarget "EasyD-Day" */;
			buildPhases = (
				026EFF0447FB458AD1344CCC /* [CP] Check Pods Manifest.lock */,
				AC50782328D5787B00168E4D /* Sources */,
				AC50782428D5787B00168E4D /* Frameworks */,
				AC50782528D5787B00168E4D /* Resources */,
				69B0B5C02C961EDF9AB1782C /* [CP] Embed Pods Frameworks */,
			);
			buildRules = (
			);
			dependencies = (
			);
			name = "EasyD-Day";
			productName = "EasyD-Day";
			productReference = AC50782728D5787B00168E4D /* EasyD-Day.app */;
			productType = "com.apple.product-type.application";
		};
		AC50783F28D5787C00168E4D /* EasyD-DayTests */ = {
			isa = PBXNativeTarget;
			buildConfigurationList = AC50785728D5787C00168E4D /* Build configuration list for PBXNativeTarget "EasyD-DayTests" */;
			buildPhases = (
				E7EDAEFB5FE0BD08FA60E30E /* [CP] Check Pods Manifest.lock */,
				AC50783C28D5787C00168E4D /* Sources */,
				AC50783D28D5787C00168E4D /* Frameworks */,
				AC50783E28D5787C00168E4D /* Resources */,
			);
			buildRules = (
			);
			dependencies = (
				AC50784228D5787C00168E4D /* PBXTargetDependency */,
			);
			name = "EasyD-DayTests";
			productName = "EasyD-DayTests";
			productReference = AC50784028D5787C00168E4D /* EasyD-DayTests.xctest */;
			productType = "com.apple.product-type.bundle.unit-test";
		};
		AC50784928D5787C00168E4D /* EasyD-DayUITests */ = {
			isa = PBXNativeTarget;
			buildConfigurationList = AC50785A28D5787C00168E4D /* Build configuration list for PBXNativeTarget "EasyD-DayUITests" */;
			buildPhases = (
				06A845BCDB6EE66F59E57200 /* [CP] Check Pods Manifest.lock */,
				AC50784628D5787C00168E4D /* Sources */,
				AC50784728D5787C00168E4D /* Frameworks */,
				AC50784828D5787C00168E4D /* Resources */,
			);
			buildRules = (
			);
			dependencies = (
				AC50784C28D5787C00168E4D /* PBXTargetDependency */,
			);
			name = "EasyD-DayUITests";
			productName = "EasyD-DayUITests";
			productReference = AC50784A28D5787C00168E4D /* EasyD-DayUITests.xctest */;
			productType = "com.apple.product-type.bundle.ui-testing";
		};
/* End PBXNativeTarget section */

/* Begin PBXProject section */
		AC50781F28D5787B00168E4D /* Project object */ = {
			isa = PBXProject;
			attributes = {
				BuildIndependentTargetsInParallel = 1;
				LastSwiftUpdateCheck = 1400;
				LastUpgradeCheck = 1400;
				TargetAttributes = {
					AC50782628D5787B00168E4D = {
						CreatedOnToolsVersion = 14.0;
					};
					AC50783F28D5787C00168E4D = {
						CreatedOnToolsVersion = 14.0;
						TestTargetID = AC50782628D5787B00168E4D;
					};
					AC50784928D5787C00168E4D = {
						CreatedOnToolsVersion = 14.0;
						TestTargetID = AC50782628D5787B00168E4D;
					};
				};
			};
			buildConfigurationList = AC50782228D5787B00168E4D /* Build configuration list for PBXProject "EasyD-Day" */;
			compatibilityVersion = "Xcode 13.0";
			developmentRegion = en;
			hasScannedForEncodings = 0;
			knownRegions = (
				en,
				Base,
			);
			mainGroup = AC50781E28D5787B00168E4D;
			productRefGroup = AC50782828D5787B00168E4D /* Products */;
			projectDirPath = "";
			projectRoot = "";
			targets = (
				AC50782628D5787B00168E4D /* EasyD-Day */,
				AC50783F28D5787C00168E4D /* EasyD-DayTests */,
				AC50784928D5787C00168E4D /* EasyD-DayUITests */,
			);
		};
/* End PBXProject section */

/* Begin PBXResourcesBuildPhase section */
		AC50782528D5787B00168E4D /* Resources */ = {
			isa = PBXResourcesBuildPhase;
			buildActionMask = 2147483647;
			files = (
				AC50783A28D5787C00168E4D /* LaunchScreen.storyboard in Resources */,
				AC50783728D5787C00168E4D /* Assets.xcassets in Resources */,
				AC50783228D5787B00168E4D /* Main.storyboard in Resources */,
			);
			runOnlyForDeploymentPostprocessing = 0;
		};
		AC50783E28D5787C00168E4D /* Resources */ = {
			isa = PBXResourcesBuildPhase;
			buildActionMask = 2147483647;
			files = (
			);
			runOnlyForDeploymentPostprocessing = 0;
		};
		AC50784828D5787C00168E4D /* Resources */ = {
			isa = PBXResourcesBuildPhase;
			buildActionMask = 2147483647;
			files = (
			);
			runOnlyForDeploymentPostprocessing = 0;
		};
/* End PBXResourcesBuildPhase section */

/* Begin PBXShellScriptBuildPhase section */
		026EFF0447FB458AD1344CCC /* [CP] Check Pods Manifest.lock */ = {
			isa = PBXShellScriptBuildPhase;
			buildActionMask = 2147483647;
			files = (
			);
			inputFileListPaths = (
			);
			inputPaths = (
				"${PODS_PODFILE_DIR_PATH}/Podfile.lock",
				"${PODS_ROOT}/Manifest.lock",
			);
			name = "[CP] Check Pods Manifest.lock";
			outputFileListPaths = (
			);
			outputPaths = (
				"$(DERIVED_FILE_DIR)/Pods-EasyD-Day-checkManifestLockResult.txt",
			);
			runOnlyForDeploymentPostprocessing = 0;
			shellPath = /bin/sh;
			shellScript = "diff \"${PODS_PODFILE_DIR_PATH}/Podfile.lock\" \"${PODS_ROOT}/Manifest.lock\" > /dev/null\nif [ $? != 0 ] ; then\n    # print error to STDERR\n    echo \"error: The sandbox is not in sync with the Podfile.lock. Run 'pod install' or update your CocoaPods installation.\" >&2\n    exit 1\nfi\n# This output is used by Xcode 'outputs' to avoid re-running this script phase.\necho \"SUCCESS\" > \"${SCRIPT_OUTPUT_FILE_0}\"\n";
			showEnvVarsInLog = 0;
		};
		06A845BCDB6EE66F59E57200 /* [CP] Check Pods Manifest.lock */ = {
			isa = PBXShellScriptBuildPhase;
			buildActionMask = 2147483647;
			files = (
			);
			inputFileListPaths = (
			);
			inputPaths = (
				"${PODS_PODFILE_DIR_PATH}/Podfile.lock",
				"${PODS_ROOT}/Manifest.lock",
			);
			name = "[CP] Check Pods Manifest.lock";
			outputFileListPaths = (
			);
			outputPaths = (
				"$(DERIVED_FILE_DIR)/Pods-EasyD-DayUITests-checkManifestLockResult.txt",
			);
			runOnlyForDeploymentPostprocessing = 0;
			shellPath = /bin/sh;
			shellScript = "diff \"${PODS_PODFILE_DIR_PATH}/Podfile.lock\" \"${PODS_ROOT}/Manifest.lock\" > /dev/null\nif [ $? != 0 ] ; then\n    # print error to STDERR\n    echo \"error: The sandbox is not in sync with the Podfile.lock. Run 'pod install' or update your CocoaPods installation.\" >&2\n    exit 1\nfi\n# This output is used by Xcode 'outputs' to avoid re-running this script phase.\necho \"SUCCESS\" > \"${SCRIPT_OUTPUT_FILE_0}\"\n";
			showEnvVarsInLog = 0;
		};
		69B0B5C02C961EDF9AB1782C /* [CP] Embed Pods Frameworks */ = {
			isa = PBXShellScriptBuildPhase;
			buildActionMask = 2147483647;
			files = (
			);
			inputFileListPaths = (
				"${PODS_ROOT}/Target Support Files/Pods-EasyD-Day/Pods-EasyD-Day-frameworks-${CONFIGURATION}-input-files.xcfilelist",
			);
			name = "[CP] Embed Pods Frameworks";
			outputFileListPaths = (
				"${PODS_ROOT}/Target Support Files/Pods-EasyD-Day/Pods-EasyD-Day-frameworks-${CONFIGURATION}-output-files.xcfilelist",
			);
			runOnlyForDeploymentPostprocessing = 0;
			shellPath = /bin/sh;
			shellScript = "\"${PODS_ROOT}/Target Support Files/Pods-EasyD-Day/Pods-EasyD-Day-frameworks.sh\"\n";
			showEnvVarsInLog = 0;
		};
		E7EDAEFB5FE0BD08FA60E30E /* [CP] Check Pods Manifest.lock */ = {
			isa = PBXShellScriptBuildPhase;
			buildActionMask = 2147483647;
			files = (
			);
			inputFileListPaths = (
			);
			inputPaths = (
				"${PODS_PODFILE_DIR_PATH}/Podfile.lock",
				"${PODS_ROOT}/Manifest.lock",
			);
			name = "[CP] Check Pods Manifest.lock";
			outputFileListPaths = (
			);
			outputPaths = (
				"$(DERIVED_FILE_DIR)/Pods-EasyD-DayTests-checkManifestLockResult.txt",
			);
			runOnlyForDeploymentPostprocessing = 0;
			shellPath = /bin/sh;
			shellScript = "diff \"${PODS_PODFILE_DIR_PATH}/Podfile.lock\" \"${PODS_ROOT}/Manifest.lock\" > /dev/null\nif [ $? != 0 ] ; then\n    # print error to STDERR\n    echo \"error: The sandbox is not in sync with the Podfile.lock. Run 'pod install' or update your CocoaPods installation.\" >&2\n    exit 1\nfi\n# This output is used by Xcode 'outputs' to avoid re-running this script phase.\necho \"SUCCESS\" > \"${SCRIPT_OUTPUT_FILE_0}\"\n";
			showEnvVarsInLog = 0;
		};
/* End PBXShellScriptBuildPhase section */

/* Begin PBXSourcesBuildPhase section */
		AC50782328D5787B00168E4D /* Sources */ = {
			isa = PBXSourcesBuildPhase;
			buildActionMask = 2147483647;
			files = (
				AC50782F28D5787B00168E4D /* ViewController.swift in Sources */,
				AC50783528D5787B00168E4D /* EasyD_Day.xcdatamodeld in Sources */,
				AC50782B28D5787B00168E4D /* AppDelegate.swift in Sources */,
				AC50782D28D5787B00168E4D /* SceneDelegate.swift in Sources */,
			);
			runOnlyForDeploymentPostprocessing = 0;
		};
		AC50783C28D5787C00168E4D /* Sources */ = {
			isa = PBXSourcesBuildPhase;
			buildActionMask = 2147483647;
			files = (
				AC50784528D5787C00168E4D /* EasyD_DayTests.swift in Sources */,
			);
			runOnlyForDeploymentPostprocessing = 0;
		};
		AC50784628D5787C00168E4D /* Sources */ = {
			isa = PBXSourcesBuildPhase;
			buildActionMask = 2147483647;
			files = (
				AC50785128D5787C00168E4D /* EasyD_DayUITestsLaunchTests.swift in Sources */,
				AC50784F28D5787C00168E4D /* EasyD_DayUITests.swift in Sources */,
			);
			runOnlyForDeploymentPostprocessing = 0;
		};
/* End PBXSourcesBuildPhase section */

/* Begin PBXTargetDependency section */
		AC50784228D5787C00168E4D /* PBXTargetDependency */ = {
			isa = PBXTargetDependency;
			target = AC50782628D5787B00168E4D /* EasyD-Day */;
			targetProxy = AC50784128D5787C00168E4D /* PBXContainerItemProxy */;
		};
		AC50784C28D5787C00168E4D /* PBXTargetDependency */ = {
			isa = PBXTargetDependency;
			target = AC50782628D5787B00168E4D /* EasyD-Day */;
			targetProxy = AC50784B28D5787C00168E4D /* PBXContainerItemProxy */;
		};
/* End PBXTargetDependency section */

/* Begin PBXVariantGroup section */
		AC50783028D5787B00168E4D /* Main.storyboard */ = {
			isa = PBXVariantGroup;
			children = (
				AC50783128D5787B00168E4D /* Base */,
			);
			name = Main.storyboard;
			sourceTree = "<group>";
		};
		AC50783828D5787C00168E4D /* LaunchScreen.storyboard */ = {
			isa = PBXVariantGroup;
			children = (
				AC50783928D5787C00168E4D /* Base */,
			);
			name = LaunchScreen.storyboard;
			sourceTree = "<group>";
		};
/* End PBXVariantGroup section */

/* Begin XCBuildConfiguration section */
		AC50785228D5787C00168E4D /* Debug */ = {
			isa = XCBuildConfiguration;
			buildSettings = {
				ALWAYS_SEARCH_USER_PATHS = NO;
				CLANG_ANALYZER_NONNULL = YES;
				CLANG_ANALYZER_NUMBER_OBJECT_CONVERSION = YES_AGGRESSIVE;
				CLANG_CXX_LANGUAGE_STANDARD = "gnu++20";
				CLANG_ENABLE_MODULES = YES;
				CLANG_ENABLE_OBJC_ARC = YES;
				CLANG_ENABLE_OBJC_WEAK = YES;
				CLANG_WARN_BLOCK_CAPTURE_AUTORELEASING = YES;
				CLANG_WARN_BOOL_CONVERSION = YES;
				CLANG_WARN_COMMA = YES;
				CLANG_WARN_CONSTANT_CONVERSION = YES;
				CLANG_WARN_DEPRECATED_OBJC_IMPLEMENTATIONS = YES;
				CLANG_WARN_DIRECT_OBJC_ISA_USAGE = YES_ERROR;
				CLANG_WARN_DOCUMENTATION_COMMENTS = YES;
				CLANG_WARN_EMPTY_BODY = YES;
				CLANG_WARN_ENUM_CONVERSION = YES;
				CLANG_WARN_INFINITE_RECURSION = YES;
				CLANG_WARN_INT_CONVERSION = YES;
				CLANG_WARN_NON_LITERAL_NULL_CONVERSION = YES;
				CLANG_WARN_OBJC_IMPLICIT_RETAIN_SELF = YES;
				CLANG_WARN_OBJC_LITERAL_CONVERSION = YES;
				CLANG_WARN_OBJC_ROOT_CLASS = YES_ERROR;
				CLANG_WARN_QUOTED_INCLUDE_IN_FRAMEWORK_HEADER = YES;
				CLANG_WARN_RANGE_LOOP_ANALYSIS = YES;
				CLANG_WARN_STRICT_PROTOTYPES = YES;
				CLANG_WARN_SUSPICIOUS_MOVE = YES;
				CLANG_WARN_UNGUARDED_AVAILABILITY = YES_AGGRESSIVE;
				CLANG_WARN_UNREACHABLE_CODE = YES;
				CLANG_WARN__DUPLICATE_METHOD_MATCH = YES;
				COPY_PHASE_STRIP = NO;
				DEBUG_INFORMATION_FORMAT = dwarf;
				ENABLE_STRICT_OBJC_MSGSEND = YES;
				ENABLE_TESTABILITY = YES;
				GCC_C_LANGUAGE_STANDARD = gnu11;
				GCC_DYNAMIC_NO_PIC = NO;
				GCC_NO_COMMON_BLOCKS = YES;
				GCC_OPTIMIZATION_LEVEL = 0;
				GCC_PREPROCESSOR_DEFINITIONS = (
					"DEBUG=1",
					"$(inherited)",
				);
				GCC_WARN_64_TO_32_BIT_CONVERSION = YES;
				GCC_WARN_ABOUT_RETURN_TYPE = YES_ERROR;
				GCC_WARN_UNDECLARED_SELECTOR = YES;
				GCC_WARN_UNINITIALIZED_AUTOS = YES_AGGRESSIVE;
				GCC_WARN_UNUSED_FUNCTION = YES;
				GCC_WARN_UNUSED_VARIABLE = YES;
				IPHONEOS_DEPLOYMENT_TARGET = 16.0;
				MTL_ENABLE_DEBUG_INFO = INCLUDE_SOURCE;
				MTL_FAST_MATH = YES;
				ONLY_ACTIVE_ARCH = YES;
				SDKROOT = iphoneos;
				SWIFT_ACTIVE_COMPILATION_CONDITIONS = DEBUG;
				SWIFT_OPTIMIZATION_LEVEL = "-Onone";
			};
			name = Debug;
		};
		AC50785328D5787C00168E4D /* Release */ = {
			isa = XCBuildConfiguration;
			buildSettings = {
				ALWAYS_SEARCH_USER_PATHS = NO;
				CLANG_ANALYZER_NONNULL = YES;
				CLANG_ANALYZER_NUMBER_OBJECT_CONVERSION = YES_AGGRESSIVE;
				CLANG_CXX_LANGUAGE_STANDARD = "gnu++20";
				CLANG_ENABLE_MODULES = YES;
				CLANG_ENABLE_OBJC_ARC = YES;
				CLANG_ENABLE_OBJC_WEAK = YES;
				CLANG_WARN_BLOCK_CAPTURE_AUTORELEASING = YES;
				CLANG_WARN_BOOL_CONVERSION = YES;
				CLANG_WARN_COMMA = YES;
				CLANG_WARN_CONSTANT_CONVERSION = YES;
				CLANG_WARN_DEPRECATED_OBJC_IMPLEMENTATIONS = YES;
				CLANG_WARN_DIRECT_OBJC_ISA_USAGE = YES_ERROR;
				CLANG_WARN_DOCUMENTATION_COMMENTS = YES;
				CLANG_WARN_EMPTY_BODY = YES;
				CLANG_WARN_ENUM_CONVERSION = YES;
				CLANG_WARN_INFINITE_RECURSION = YES;
				CLANG_WARN_INT_CONVERSION = YES;
				CLANG_WARN_NON_LITERAL_NULL_CONVERSION = YES;
				CLANG_WARN_OBJC_IMPLICIT_RETAIN_SELF = YES;
				CLANG_WARN_OBJC_LITERAL_CONVERSION = YES;
				CLANG_WARN_OBJC_ROOT_CLASS = YES_ERROR;
				CLANG_WARN_QUOTED_INCLUDE_IN_FRAMEWORK_HEADER = YES;
				CLANG_WARN_RANGE_LOOP_ANALYSIS = YES;
				CLANG_WARN_STRICT_PROTOTYPES = YES;
				CLANG_WARN_SUSPICIOUS_MOVE = YES;
				CLANG_WARN_UNGUARDED_AVAILABILITY = YES_AGGRESSIVE;
				CLANG_WARN_UNREACHABLE_CODE = YES;
				CLANG_WARN__DUPLICATE_METHOD_MATCH = YES;
				COPY_PHASE_STRIP = NO;
				DEBUG_INFORMATION_FORMAT = "dwarf-with-dsym";
				ENABLE_NS_ASSERTIONS = NO;
				ENABLE_STRICT_OBJC_MSGSEND = YES;
				GCC_C_LANGUAGE_STANDARD = gnu11;
				GCC_NO_COMMON_BLOCKS = YES;
				GCC_WARN_64_TO_32_BIT_CONVERSION = YES;
				GCC_WARN_ABOUT_RETURN_TYPE = YES_ERROR;
				GCC_WARN_UNDECLARED_SELECTOR = YES;
				GCC_WARN_UNINITIALIZED_AUTOS = YES_AGGRESSIVE;
				GCC_WARN_UNUSED_FUNCTION = YES;
				GCC_WARN_UNUSED_VARIABLE = YES;
				IPHONEOS_DEPLOYMENT_TARGET = 16.0;
				MTL_ENABLE_DEBUG_INFO = NO;
				MTL_FAST_MATH = YES;
				SDKROOT = iphoneos;
				SWIFT_COMPILATION_MODE = wholemodule;
				SWIFT_OPTIMIZATION_LEVEL = "-O";
				VALIDATE_PRODUCT = YES;
			};
			name = Release;
		};
		AC50785528D5787C00168E4D /* Debug */ = {
			isa = XCBuildConfiguration;
			baseConfigurationReference = E36324B16CE9FF2DEBAECCEF /* Pods-EasyD-Day.debug.xcconfig */;
			buildSettings = {
				ASSETCATALOG_COMPILER_APPICON_NAME = AppIcon;
				ASSETCATALOG_COMPILER_GLOBAL_ACCENT_COLOR_NAME = AccentColor;
				CODE_SIGN_STYLE = Automatic;
				CURRENT_PROJECT_VERSION = 1;
				DEVELOPMENT_TEAM = WY5E8U82TN;
				GENERATE_INFOPLIST_FILE = YES;
				INFOPLIST_FILE = "EasyD-Day/Info.plist";
				INFOPLIST_KEY_UIApplicationSupportsIndirectInputEvents = YES;
				INFOPLIST_KEY_UILaunchStoryboardName = LaunchScreen;
				INFOPLIST_KEY_UIMainStoryboardFile = Main;
				INFOPLIST_KEY_UISupportedInterfaceOrientations_iPad = "UIInterfaceOrientationPortrait UIInterfaceOrientationPortraitUpsideDown UIInterfaceOrientationLandscapeLeft UIInterfaceOrientationLandscapeRight";
				INFOPLIST_KEY_UISupportedInterfaceOrientations_iPhone = "UIInterfaceOrientationPortrait UIInterfaceOrientationLandscapeLeft UIInterfaceOrientationLandscapeRight";
				LD_RUNPATH_SEARCH_PATHS = (
					"$(inherited)",
					"@executable_path/Frameworks",
				);
				MARKETING_VERSION = 1.0;
				PRODUCT_BUNDLE_IDENTIFIER = "kr.co.ipdisk.dbspark711.EasyD-Day";
				PRODUCT_NAME = "$(TARGET_NAME)";
				SWIFT_EMIT_LOC_STRINGS = YES;
				SWIFT_VERSION = 5.0;
				TARGETED_DEVICE_FAMILY = "1,2";
			};
			name = Debug;
		};
		AC50785628D5787C00168E4D /* Release */ = {
			isa = XCBuildConfiguration;
			baseConfigurationReference = 122BEAD2271F9D8815135696 /* Pods-EasyD-Day.release.xcconfig */;
			buildSettings = {
				ASSETCATALOG_COMPILER_APPICON_NAME = AppIcon;
				ASSETCATALOG_COMPILER_GLOBAL_ACCENT_COLOR_NAME = AccentColor;
				CODE_SIGN_STYLE = Automatic;
				CURRENT_PROJECT_VERSION = 1;
				DEVELOPMENT_TEAM = WY5E8U82TN;
				GENERATE_INFOPLIST_FILE = YES;
				INFOPLIST_FILE = "EasyD-Day/Info.plist";
				INFOPLIST_KEY_UIApplicationSupportsIndirectInputEvents = YES;
				INFOPLIST_KEY_UILaunchStoryboardName = LaunchScreen;
				INFOPLIST_KEY_UIMainStoryboardFile = Main;
				INFOPLIST_KEY_UISupportedInterfaceOrientations_iPad = "UIInterfaceOrientationPortrait UIInterfaceOrientationPortraitUpsideDown UIInterfaceOrientationLandscapeLeft UIInterfaceOrientationLandscapeRight";
				INFOPLIST_KEY_UISupportedInterfaceOrientations_iPhone = "UIInterfaceOrientationPortrait UIInterfaceOrientationLandscapeLeft UIInterfaceOrientationLandscapeRight";
				LD_RUNPATH_SEARCH_PATHS = (
					"$(inherited)",
					"@executable_path/Frameworks",
				);
				MARKETING_VERSION = 1.0;
				PRODUCT_BUNDLE_IDENTIFIER = "kr.co.ipdisk.dbspark711.EasyD-Day";
				PRODUCT_NAME = "$(TARGET_NAME)";
				SWIFT_EMIT_LOC_STRINGS = YES;
				SWIFT_VERSION = 5.0;
				TARGETED_DEVICE_FAMILY = "1,2";
			};
			name = Release;
		};
		AC50785828D5787C00168E4D /* Debug */ = {
			isa = XCBuildConfiguration;
			baseConfigurationReference = 32657161983A3BBDC04CE982 /* Pods-EasyD-DayTests.debug.xcconfig */;
			buildSettings = {
				ALWAYS_EMBED_SWIFT_STANDARD_LIBRARIES = YES;
				BUNDLE_LOADER = "$(TEST_HOST)";
				CODE_SIGN_STYLE = Automatic;
				CURRENT_PROJECT_VERSION = 1;
				DEVELOPMENT_TEAM = WY5E8U82TN;
				GENERATE_INFOPLIST_FILE = YES;
				IPHONEOS_DEPLOYMENT_TARGET = 16.0;
				MARKETING_VERSION = 1.0;
				PRODUCT_BUNDLE_IDENTIFIER = "kr.co.ipdisk.dbspark711.EasyD-DayTests";
				PRODUCT_NAME = "$(TARGET_NAME)";
				SWIFT_EMIT_LOC_STRINGS = NO;
				SWIFT_VERSION = 5.0;
				TARGETED_DEVICE_FAMILY = "1,2";
				TEST_HOST = "$(BUILT_PRODUCTS_DIR)/EasyD-Day.app/$(BUNDLE_EXECUTABLE_FOLDER_PATH)/EasyD-Day";
			};
			name = Debug;
		};
		AC50785928D5787C00168E4D /* Release */ = {
			isa = XCBuildConfiguration;
			baseConfigurationReference = A60EAB46DC796F5596A49968 /* Pods-EasyD-DayTests.release.xcconfig */;
			buildSettings = {
				ALWAYS_EMBED_SWIFT_STANDARD_LIBRARIES = YES;
				BUNDLE_LOADER = "$(TEST_HOST)";
				CODE_SIGN_STYLE = Automatic;
				CURRENT_PROJECT_VERSION = 1;
				DEVELOPMENT_TEAM = WY5E8U82TN;
				GENERATE_INFOPLIST_FILE = YES;
				IPHONEOS_DEPLOYMENT_TARGET = 16.0;
				MARKETING_VERSION = 1.0;
				PRODUCT_BUNDLE_IDENTIFIER = "kr.co.ipdisk.dbspark711.EasyD-DayTests";
				PRODUCT_NAME = "$(TARGET_NAME)";
				SWIFT_EMIT_LOC_STRINGS = NO;
				SWIFT_VERSION = 5.0;
				TARGETED_DEVICE_FAMILY = "1,2";
				TEST_HOST = "$(BUILT_PRODUCTS_DIR)/EasyD-Day.app/$(BUNDLE_EXECUTABLE_FOLDER_PATH)/EasyD-Day";
			};
			name = Release;
		};
		AC50785B28D5787C00168E4D /* Debug */ = {
			isa = XCBuildConfiguration;
			baseConfigurationReference = 4137EE0FB3164FFEBC226895 /* Pods-EasyD-DayUITests.debug.xcconfig */;
			buildSettings = {
				ALWAYS_EMBED_SWIFT_STANDARD_LIBRARIES = YES;
				CODE_SIGN_STYLE = Automatic;
				CURRENT_PROJECT_VERSION = 1;
				DEVELOPMENT_TEAM = WY5E8U82TN;
				GENERATE_INFOPLIST_FILE = YES;
				MARKETING_VERSION = 1.0;
				PRODUCT_BUNDLE_IDENTIFIER = "kr.co.ipdisk.dbspark711.EasyD-DayUITests";
				PRODUCT_NAME = "$(TARGET_NAME)";
				SWIFT_EMIT_LOC_STRINGS = NO;
				SWIFT_VERSION = 5.0;
				TARGETED_DEVICE_FAMILY = "1,2";
				TEST_TARGET_NAME = "EasyD-Day";
			};
			name = Debug;
		};
		AC50785C28D5787C00168E4D /* Release */ = {
			isa = XCBuildConfiguration;
			baseConfigurationReference = A288341E2729BA4CFE93C8F9 /* Pods-EasyD-DayUITests.release.xcconfig */;
			buildSettings = {
				ALWAYS_EMBED_SWIFT_STANDARD_LIBRARIES = YES;
				CODE_SIGN_STYLE = Automatic;
				CURRENT_PROJECT_VERSION = 1;
				DEVELOPMENT_TEAM = WY5E8U82TN;
				GENERATE_INFOPLIST_FILE = YES;
				MARKETING_VERSION = 1.0;
				PRODUCT_BUNDLE_IDENTIFIER = "kr.co.ipdisk.dbspark711.EasyD-DayUITests";
				PRODUCT_NAME = "$(TARGET_NAME)";
				SWIFT_EMIT_LOC_STRINGS = NO;
				SWIFT_VERSION = 5.0;
				TARGETED_DEVICE_FAMILY = "1,2";
				TEST_TARGET_NAME = "EasyD-Day";
			};
			name = Release;
		};
/* End XCBuildConfiguration section */

/* Begin XCConfigurationList section */
		AC50782228D5787B00168E4D /* Build configuration list for PBXProject "EasyD-Day" */ = {
			isa = XCConfigurationList;
			buildConfigurations = (
				AC50785228D5787C00168E4D /* Debug */,
				AC50785328D5787C00168E4D /* Release */,
			);
			defaultConfigurationIsVisible = 0;
			defaultConfigurationName = Release;
		};
		AC50785428D5787C00168E4D /* Build configuration list for PBXNativeTarget "EasyD-Day" */ = {
			isa = XCConfigurationList;
			buildConfigurations = (
				AC50785528D5787C00168E4D /* Debug */,
				AC50785628D5787C00168E4D /* Release */,
			);
			defaultConfigurationIsVisible = 0;
			defaultConfigurationName = Release;
		};
		AC50785728D5787C00168E4D /* Build configuration list for PBXNativeTarget "EasyD-DayTests" */ = {
			isa = XCConfigurationList;
			buildConfigurations = (
				AC50785828D5787C00168E4D /* Debug */,
				AC50785928D5787C00168E4D /* Release */,
			);
			defaultConfigurationIsVisible = 0;
			defaultConfigurationName = Release;
		};
		AC50785A28D5787C00168E4D /* Build configuration list for PBXNativeTarget "EasyD-DayUITests" */ = {
			isa = XCConfigurationList;
			buildConfigurations = (
				AC50785B28D5787C00168E4D /* Debug */,
				AC50785C28D5787C00168E4D /* Release */,
			);
			defaultConfigurationIsVisible = 0;
			defaultConfigurationName = Release;
		};
/* End XCConfigurationList section */

/* Begin XCVersionGroup section */
		AC50783328D5787B00168E4D /* EasyD_Day.xcdatamodeld */ = {
			isa = XCVersionGroup;
			children = (
				AC50783428D5787B00168E4D /* EasyD_Day.xcdatamodel */,
			);
			currentVersion = AC50783428D5787B00168E4D /* EasyD_Day.xcdatamodel */;
			path = EasyD_Day.xcdatamodeld;
			sourceTree = "<group>";
			versionGroupType = wrapper.xcdatamodel;
		};
/* End XCVersionGroup section */
	};
	rootObject = AC50781F28D5787B00168E4D /* Project object */;
}
