// !$*UTF8*$!
{
	archiveVersion = 1;
	classes = {
	};
	objectVersion = 55;
	objects = {

/* Begin PBXBuildFile section */
		39FFCC30293447450053C113 /* AppDelegate.swift in Sources */ = {isa = PBXBuildFile; fileRef = 39FFCC2F293447450053C113 /* AppDelegate.swift */; };
		39FFCC32293447450053C113 /* SceneDelegate.swift in Sources */ = {isa = PBXBuildFile; fileRef = 39FFCC31293447450053C113 /* SceneDelegate.swift */; };
		39FFCC34293447450053C113 /* ViewController.swift in Sources */ = {isa = PBXBuildFile; fileRef = 39FFCC33293447450053C113 /* ViewController.swift */; };
		39FFCC37293447450053C113 /* Main.storyboard in Resources */ = {isa = PBXBuildFile; fileRef = 39FFCC35293447450053C113 /* Main.storyboard */; };
		39FFCC39293447460053C113 /* Assets.xcassets in Resources */ = {isa = PBXBuildFile; fileRef = 39FFCC38293447460053C113 /* Assets.xcassets */; };
		39FFCC3C293447460053C113 /* LaunchScreen.storyboard in Resources */ = {isa = PBXBuildFile; fileRef = 39FFCC3A293447460053C113 /* LaunchScreen.storyboard */; };
		39FFCC47293447470053C113 /* VideoDecibelTests.swift in Sources */ = {isa = PBXBuildFile; fileRef = 39FFCC46293447470053C113 /* VideoDecibelTests.swift */; };
		39FFCC51293447470053C113 /* VideoDecibelUITests.swift in Sources */ = {isa = PBXBuildFile; fileRef = 39FFCC50293447470053C113 /* VideoDecibelUITests.swift */; };
		39FFCC53293447470053C113 /* VideoDecibelUITestsLaunchTests.swift in Sources */ = {isa = PBXBuildFile; fileRef = 39FFCC52293447470053C113 /* VideoDecibelUITestsLaunchTests.swift */; };
		67E54F7338B7A17586E6EA56 /* Pods_VideoDecibelTests.framework in Frameworks */ = {isa = PBXBuildFile; fileRef = E4F0760A22C36EFC8080DA3D /* Pods_VideoDecibelTests.framework */; };
		AF6734481CE3FE94A968DDFA /* Pods_VideoDecibel.framework in Frameworks */ = {isa = PBXBuildFile; fileRef = C0624BB6BA62C14D38C491A5 /* Pods_VideoDecibel.framework */; };
		E19F8778F6FD2C17D307A62D /* Pods_VideoDecibelUITests.framework in Frameworks */ = {isa = PBXBuildFile; fileRef = 4979F62FEC03ECAC92192B91 /* Pods_VideoDecibelUITests.framework */; };
/* End PBXBuildFile section */

/* Begin PBXContainerItemProxy section */
		39FFCC43293447470053C113 /* PBXContainerItemProxy */ = {
			isa = PBXContainerItemProxy;
			containerPortal = 39FFCC24293447450053C113 /* Project object */;
			proxyType = 1;
			remoteGlobalIDString = 39FFCC2B293447450053C113;
			remoteInfo = VideoDecibel;
		};
		39FFCC4D293447470053C113 /* PBXContainerItemProxy */ = {
			isa = PBXContainerItemProxy;
			containerPortal = 39FFCC24293447450053C113 /* Project object */;
			proxyType = 1;
			remoteGlobalIDString = 39FFCC2B293447450053C113;
			remoteInfo = VideoDecibel;
		};
/* End PBXContainerItemProxy section */

/* Begin PBXFileReference section */
		354056EADD2481780DB8A1FE /* Pods-VideoDecibel.release.xcconfig */ = {isa = PBXFileReference; includeInIndex = 1; lastKnownFileType = text.xcconfig; name = "Pods-VideoDecibel.release.xcconfig"; path = "Target Support Files/Pods-VideoDecibel/Pods-VideoDecibel.release.xcconfig"; sourceTree = "<group>"; };
		39FFCC2C293447450053C113 /* VideoDecibel.app */ = {isa = PBXFileReference; explicitFileType = wrapper.application; includeInIndex = 0; path = VideoDecibel.app; sourceTree = BUILT_PRODUCTS_DIR; };
		39FFCC2F293447450053C113 /* AppDelegate.swift */ = {isa = PBXFileReference; lastKnownFileType = sourcecode.swift; path = AppDelegate.swift; sourceTree = "<group>"; };
		39FFCC31293447450053C113 /* SceneDelegate.swift */ = {isa = PBXFileReference; lastKnownFileType = sourcecode.swift; path = SceneDelegate.swift; sourceTree = "<group>"; };
		39FFCC33293447450053C113 /* ViewController.swift */ = {isa = PBXFileReference; lastKnownFileType = sourcecode.swift; path = ViewController.swift; sourceTree = "<group>"; };
		39FFCC36293447450053C113 /* Base */ = {isa = PBXFileReference; lastKnownFileType = file.storyboard; name = Base; path = Base.lproj/Main.storyboard; sourceTree = "<group>"; };
		39FFCC38293447460053C113 /* Assets.xcassets */ = {isa = PBXFileReference; lastKnownFileType = folder.assetcatalog; path = Assets.xcassets; sourceTree = "<group>"; };
		39FFCC3B293447460053C113 /* Base */ = {isa = PBXFileReference; lastKnownFileType = file.storyboard; name = Base; path = Base.lproj/LaunchScreen.storyboard; sourceTree = "<group>"; };
		39FFCC3D293447460053C113 /* Info.plist */ = {isa = PBXFileReference; lastKnownFileType = text.plist.xml; path = Info.plist; sourceTree = "<group>"; };
		39FFCC42293447470053C113 /* VideoDecibelTests.xctest */ = {isa = PBXFileReference; explicitFileType = wrapper.cfbundle; includeInIndex = 0; path = VideoDecibelTests.xctest; sourceTree = BUILT_PRODUCTS_DIR; };
		39FFCC46293447470053C113 /* VideoDecibelTests.swift */ = {isa = PBXFileReference; lastKnownFileType = sourcecode.swift; path = VideoDecibelTests.swift; sourceTree = "<group>"; };
		39FFCC4C293447470053C113 /* VideoDecibelUITests.xctest */ = {isa = PBXFileReference; explicitFileType = wrapper.cfbundle; includeInIndex = 0; path = VideoDecibelUITests.xctest; sourceTree = BUILT_PRODUCTS_DIR; };
		39FFCC50293447470053C113 /* VideoDecibelUITests.swift */ = {isa = PBXFileReference; lastKnownFileType = sourcecode.swift; path = VideoDecibelUITests.swift; sourceTree = "<group>"; };
		39FFCC52293447470053C113 /* VideoDecibelUITestsLaunchTests.swift */ = {isa = PBXFileReference; lastKnownFileType = sourcecode.swift; path = VideoDecibelUITestsLaunchTests.swift; sourceTree = "<group>"; };
		4979F62FEC03ECAC92192B91 /* Pods_VideoDecibelUITests.framework */ = {isa = PBXFileReference; explicitFileType = wrapper.framework; includeInIndex = 0; path = Pods_VideoDecibelUITests.framework; sourceTree = BUILT_PRODUCTS_DIR; };
		5110D616219F9CE8E0354EB4 /* Pods-VideoDecibel.debug.xcconfig */ = {isa = PBXFileReference; includeInIndex = 1; lastKnownFileType = text.xcconfig; name = "Pods-VideoDecibel.debug.xcconfig"; path = "Target Support Files/Pods-VideoDecibel/Pods-VideoDecibel.debug.xcconfig"; sourceTree = "<group>"; };
		6A2A6D290834CB3B8526D428 /* Pods-VideoDecibelTests.release.xcconfig */ = {isa = PBXFileReference; includeInIndex = 1; lastKnownFileType = text.xcconfig; name = "Pods-VideoDecibelTests.release.xcconfig"; path = "Target Support Files/Pods-VideoDecibelTests/Pods-VideoDecibelTests.release.xcconfig"; sourceTree = "<group>"; };
		B98D0D5240E077DE964EC6F2 /* Pods-VideoDecibelTests.debug.xcconfig */ = {isa = PBXFileReference; includeInIndex = 1; lastKnownFileType = text.xcconfig; name = "Pods-VideoDecibelTests.debug.xcconfig"; path = "Target Support Files/Pods-VideoDecibelTests/Pods-VideoDecibelTests.debug.xcconfig"; sourceTree = "<group>"; };
		C0624BB6BA62C14D38C491A5 /* Pods_VideoDecibel.framework */ = {isa = PBXFileReference; explicitFileType = wrapper.framework; includeInIndex = 0; path = Pods_VideoDecibel.framework; sourceTree = BUILT_PRODUCTS_DIR; };
		C47676CC8A21DCF83720A390 /* Pods-VideoDecibelUITests.release.xcconfig */ = {isa = PBXFileReference; includeInIndex = 1; lastKnownFileType = text.xcconfig; name = "Pods-VideoDecibelUITests.release.xcconfig"; path = "Target Support Files/Pods-VideoDecibelUITests/Pods-VideoDecibelUITests.release.xcconfig"; sourceTree = "<group>"; };
		CD5B24C9F9CD75603D7AEE25 /* Pods-VideoDecibelUITests.debug.xcconfig */ = {isa = PBXFileReference; includeInIndex = 1; lastKnownFileType = text.xcconfig; name = "Pods-VideoDecibelUITests.debug.xcconfig"; path = "Target Support Files/Pods-VideoDecibelUITests/Pods-VideoDecibelUITests.debug.xcconfig"; sourceTree = "<group>"; };
		E4F0760A22C36EFC8080DA3D /* Pods_VideoDecibelTests.framework */ = {isa = PBXFileReference; explicitFileType = wrapper.framework; includeInIndex = 0; path = Pods_VideoDecibelTests.framework; sourceTree = BUILT_PRODUCTS_DIR; };
/* End PBXFileReference section */

/* Begin PBXFrameworksBuildPhase section */
		39FFCC29293447450053C113 /* Frameworks */ = {
			isa = PBXFrameworksBuildPhase;
			buildActionMask = 2147483647;
			files = (
				AF6734481CE3FE94A968DDFA /* Pods_VideoDecibel.framework in Frameworks */,
			);
			runOnlyForDeploymentPostprocessing = 0;
		};
		39FFCC3F293447470053C113 /* Frameworks */ = {
			isa = PBXFrameworksBuildPhase;
			buildActionMask = 2147483647;
			files = (
				67E54F7338B7A17586E6EA56 /* Pods_VideoDecibelTests.framework in Frameworks */,
			);
			runOnlyForDeploymentPostprocessing = 0;
		};
		39FFCC49293447470053C113 /* Frameworks */ = {
			isa = PBXFrameworksBuildPhase;
			buildActionMask = 2147483647;
			files = (
				E19F8778F6FD2C17D307A62D /* Pods_VideoDecibelUITests.framework in Frameworks */,
			);
			runOnlyForDeploymentPostprocessing = 0;
		};
/* End PBXFrameworksBuildPhase section */

/* Begin PBXGroup section */
		35B47FD3DB393498E38B6202 /* Pods */ = {
			isa = PBXGroup;
			children = (
				5110D616219F9CE8E0354EB4 /* Pods-VideoDecibel.debug.xcconfig */,
				354056EADD2481780DB8A1FE /* Pods-VideoDecibel.release.xcconfig */,
				B98D0D5240E077DE964EC6F2 /* Pods-VideoDecibelTests.debug.xcconfig */,
				6A2A6D290834CB3B8526D428 /* Pods-VideoDecibelTests.release.xcconfig */,
				CD5B24C9F9CD75603D7AEE25 /* Pods-VideoDecibelUITests.debug.xcconfig */,
				C47676CC8A21DCF83720A390 /* Pods-VideoDecibelUITests.release.xcconfig */,
			);
			name = Pods;
			path = ../Pods;
			sourceTree = "<group>";
		};
		39FFCC23293447450053C113 = {
			isa = PBXGroup;
			children = (
				39FFCC2E293447450053C113 /* VideoDecibel */,
				39FFCC45293447470053C113 /* VideoDecibelTests */,
				39FFCC4F293447470053C113 /* VideoDecibelUITests */,
				39FFCC2D293447450053C113 /* Products */,
				35B47FD3DB393498E38B6202 /* Pods */,
				7808E32108633AF0F213D262 /* Frameworks */,
			);
			sourceTree = "<group>";
		};
		39FFCC2D293447450053C113 /* Products */ = {
			isa = PBXGroup;
			children = (
				39FFCC2C293447450053C113 /* VideoDecibel.app */,
				39FFCC42293447470053C113 /* VideoDecibelTests.xctest */,
				39FFCC4C293447470053C113 /* VideoDecibelUITests.xctest */,
			);
			name = Products;
			sourceTree = "<group>";
		};
		39FFCC2E293447450053C113 /* VideoDecibel */ = {
			isa = PBXGroup;
			children = (
				39FFCC2F293447450053C113 /* AppDelegate.swift */,
				39FFCC31293447450053C113 /* SceneDelegate.swift */,
				39FFCC33293447450053C113 /* ViewController.swift */,
				39FFCC35293447450053C113 /* Main.storyboard */,
				39FFCC38293447460053C113 /* Assets.xcassets */,
				39FFCC3A293447460053C113 /* LaunchScreen.storyboard */,
				39FFCC3D293447460053C113 /* Info.plist */,
			);
			path = VideoDecibel;
			sourceTree = "<group>";
		};
		39FFCC45293447470053C113 /* VideoDecibelTests */ = {
			isa = PBXGroup;
			children = (
				39FFCC46293447470053C113 /* VideoDecibelTests.swift */,
			);
			path = VideoDecibelTests;
			sourceTree = "<group>";
		};
		39FFCC4F293447470053C113 /* VideoDecibelUITests */ = {
			isa = PBXGroup;
			children = (
				39FFCC50293447470053C113 /* VideoDecibelUITests.swift */,
				39FFCC52293447470053C113 /* VideoDecibelUITestsLaunchTests.swift */,
			);
			path = VideoDecibelUITests;
			sourceTree = "<group>";
		};
		7808E32108633AF0F213D262 /* Frameworks */ = {
			isa = PBXGroup;
			children = (
				C0624BB6BA62C14D38C491A5 /* Pods_VideoDecibel.framework */,
				E4F0760A22C36EFC8080DA3D /* Pods_VideoDecibelTests.framework */,
				4979F62FEC03ECAC92192B91 /* Pods_VideoDecibelUITests.framework */,
			);
			name = Frameworks;
			sourceTree = "<group>";
		};
/* End PBXGroup section */

/* Begin PBXNativeTarget section */
		39FFCC2B293447450053C113 /* VideoDecibel */ = {
			isa = PBXNativeTarget;
			buildConfigurationList = 39FFCC56293447470053C113 /* Build configuration list for PBXNativeTarget "VideoDecibel" */;
			buildPhases = (
				32DFEC9D8F3E871933EA5878 /* [CP] Check Pods Manifest.lock */,
				39FFCC28293447450053C113 /* Sources */,
				39FFCC29293447450053C113 /* Frameworks */,
				39FFCC2A293447450053C113 /* Resources */,
				26F8D986025A1FC7BFA0C877 /* [CP] Embed Pods Frameworks */,
			);
			buildRules = (
			);
			dependencies = (
			);
			name = VideoDecibel;
			productName = VideoDecibel;
			productReference = 39FFCC2C293447450053C113 /* VideoDecibel.app */;
			productType = "com.apple.product-type.application";
		};
		39FFCC41293447470053C113 /* VideoDecibelTests */ = {
			isa = PBXNativeTarget;
			buildConfigurationList = 39FFCC59293447470053C113 /* Build configuration list for PBXNativeTarget "VideoDecibelTests" */;
			buildPhases = (
				BA4D42D41761BB7F6D66463E /* [CP] Check Pods Manifest.lock */,
				39FFCC3E293447470053C113 /* Sources */,
				39FFCC3F293447470053C113 /* Frameworks */,
				39FFCC40293447470053C113 /* Resources */,
			);
			buildRules = (
			);
			dependencies = (
				39FFCC44293447470053C113 /* PBXTargetDependency */,
			);
			name = VideoDecibelTests;
			productName = VideoDecibelTests;
			productReference = 39FFCC42293447470053C113 /* VideoDecibelTests.xctest */;
			productType = "com.apple.product-type.bundle.unit-test";
		};
		39FFCC4B293447470053C113 /* VideoDecibelUITests */ = {
			isa = PBXNativeTarget;
			buildConfigurationList = 39FFCC5C293447470053C113 /* Build configuration list for PBXNativeTarget "VideoDecibelUITests" */;
			buildPhases = (
				ADC226BDC9DB3147D28C949B /* [CP] Check Pods Manifest.lock */,
				39FFCC48293447470053C113 /* Sources */,
				39FFCC49293447470053C113 /* Frameworks */,
				39FFCC4A293447470053C113 /* Resources */,
			);
			buildRules = (
			);
			dependencies = (
				39FFCC4E293447470053C113 /* PBXTargetDependency */,
			);
			name = VideoDecibelUITests;
			productName = VideoDecibelUITests;
			productReference = 39FFCC4C293447470053C113 /* VideoDecibelUITests.xctest */;
			productType = "com.apple.product-type.bundle.ui-testing";
		};
/* End PBXNativeTarget section */

/* Begin PBXProject section */
		39FFCC24293447450053C113 /* Project object */ = {
			isa = PBXProject;
			attributes = {
				BuildIndependentTargetsInParallel = 1;
				LastSwiftUpdateCheck = 1410;
				LastUpgradeCheck = 1410;
				TargetAttributes = {
					39FFCC2B293447450053C113 = {
						CreatedOnToolsVersion = 14.1;
					};
					39FFCC41293447470053C113 = {
						CreatedOnToolsVersion = 14.1;
						TestTargetID = 39FFCC2B293447450053C113;
					};
					39FFCC4B293447470053C113 = {
						CreatedOnToolsVersion = 14.1;
						TestTargetID = 39FFCC2B293447450053C113;
					};
				};
			};
			buildConfigurationList = 39FFCC27293447450053C113 /* Build configuration list for PBXProject "VideoDecibel" */;
			compatibilityVersion = "Xcode 13.0";
			developmentRegion = en;
			hasScannedForEncodings = 0;
			knownRegions = (
				en,
				Base,
			);
			mainGroup = 39FFCC23293447450053C113;
			productRefGroup = 39FFCC2D293447450053C113 /* Products */;
			projectDirPath = "";
			projectRoot = "";
			targets = (
				39FFCC2B293447450053C113 /* VideoDecibel */,
				39FFCC41293447470053C113 /* VideoDecibelTests */,
				39FFCC4B293447470053C113 /* VideoDecibelUITests */,
			);
		};
/* End PBXProject section */

/* Begin PBXResourcesBuildPhase section */
		39FFCC2A293447450053C113 /* Resources */ = {
			isa = PBXResourcesBuildPhase;
			buildActionMask = 2147483647;
			files = (
				39FFCC3C293447460053C113 /* LaunchScreen.storyboard in Resources */,
				39FFCC39293447460053C113 /* Assets.xcassets in Resources */,
				39FFCC37293447450053C113 /* Main.storyboard in Resources */,
			);
			runOnlyForDeploymentPostprocessing = 0;
		};
		39FFCC40293447470053C113 /* Resources */ = {
			isa = PBXResourcesBuildPhase;
			buildActionMask = 2147483647;
			files = (
			);
			runOnlyForDeploymentPostprocessing = 0;
		};
		39FFCC4A293447470053C113 /* Resources */ = {
			isa = PBXResourcesBuildPhase;
			buildActionMask = 2147483647;
			files = (
			);
			runOnlyForDeploymentPostprocessing = 0;
		};
/* End PBXResourcesBuildPhase section */

/* Begin PBXShellScriptBuildPhase section */
		26F8D986025A1FC7BFA0C877 /* [CP] Embed Pods Frameworks */ = {
			isa = PBXShellScriptBuildPhase;
			buildActionMask = 2147483647;
			files = (
			);
			inputFileListPaths = (
				"${PODS_ROOT}/Target Support Files/Pods-VideoDecibel/Pods-VideoDecibel-frameworks-${CONFIGURATION}-input-files.xcfilelist",
			);
			name = "[CP] Embed Pods Frameworks";
			outputFileListPaths = (
				"${PODS_ROOT}/Target Support Files/Pods-VideoDecibel/Pods-VideoDecibel-frameworks-${CONFIGURATION}-output-files.xcfilelist",
			);
			runOnlyForDeploymentPostprocessing = 0;
			shellPath = /bin/sh;
			shellScript = "\"${PODS_ROOT}/Target Support Files/Pods-VideoDecibel/Pods-VideoDecibel-frameworks.sh\"\n";
			showEnvVarsInLog = 0;
		};
		32DFEC9D8F3E871933EA5878 /* [CP] Check Pods Manifest.lock */ = {
			isa = PBXShellScriptBuildPhase;
			buildActionMask = 2147483647;
			files = (
			);
			inputFileListPaths = (
			);
			inputPaths = (
				"${PODS_PODFILE_DIR_PATH}/Podfile.lock",
				"${PODS_ROOT}/Manifest.lock",
			);
			name = "[CP] Check Pods Manifest.lock";
			outputFileListPaths = (
			);
			outputPaths = (
				"$(DERIVED_FILE_DIR)/Pods-VideoDecibel-checkManifestLockResult.txt",
			);
			runOnlyForDeploymentPostprocessing = 0;
			shellPath = /bin/sh;
			shellScript = "diff \"${PODS_PODFILE_DIR_PATH}/Podfile.lock\" \"${PODS_ROOT}/Manifest.lock\" > /dev/null\nif [ $? != 0 ] ; then\n    # print error to STDERR\n    echo \"error: The sandbox is not in sync with the Podfile.lock. Run 'pod install' or update your CocoaPods installation.\" >&2\n    exit 1\nfi\n# This output is used by Xcode 'outputs' to avoid re-running this script phase.\necho \"SUCCESS\" > \"${SCRIPT_OUTPUT_FILE_0}\"\n";
			showEnvVarsInLog = 0;
		};
		ADC226BDC9DB3147D28C949B /* [CP] Check Pods Manifest.lock */ = {
			isa = PBXShellScriptBuildPhase;
			buildActionMask = 2147483647;
			files = (
			);
			inputFileListPaths = (
			);
			inputPaths = (
				"${PODS_PODFILE_DIR_PATH}/Podfile.lock",
				"${PODS_ROOT}/Manifest.lock",
			);
			name = "[CP] Check Pods Manifest.lock";
			outputFileListPaths = (
			);
			outputPaths = (
				"$(DERIVED_FILE_DIR)/Pods-VideoDecibelUITests-checkManifestLockResult.txt",
			);
			runOnlyForDeploymentPostprocessing = 0;
			shellPath = /bin/sh;
			shellScript = "diff \"${PODS_PODFILE_DIR_PATH}/Podfile.lock\" \"${PODS_ROOT}/Manifest.lock\" > /dev/null\nif [ $? != 0 ] ; then\n    # print error to STDERR\n    echo \"error: The sandbox is not in sync with the Podfile.lock. Run 'pod install' or update your CocoaPods installation.\" >&2\n    exit 1\nfi\n# This output is used by Xcode 'outputs' to avoid re-running this script phase.\necho \"SUCCESS\" > \"${SCRIPT_OUTPUT_FILE_0}\"\n";
			showEnvVarsInLog = 0;
		};
		BA4D42D41761BB7F6D66463E /* [CP] Check Pods Manifest.lock */ = {
			isa = PBXShellScriptBuildPhase;
			buildActionMask = 2147483647;
			files = (
			);
			inputFileListPaths = (
			);
			inputPaths = (
				"${PODS_PODFILE_DIR_PATH}/Podfile.lock",
				"${PODS_ROOT}/Manifest.lock",
			);
			name = "[CP] Check Pods Manifest.lock";
			outputFileListPaths = (
			);
			outputPaths = (
				"$(DERIVED_FILE_DIR)/Pods-VideoDecibelTests-checkManifestLockResult.txt",
			);
			runOnlyForDeploymentPostprocessing = 0;
			shellPath = /bin/sh;
			shellScript = "diff \"${PODS_PODFILE_DIR_PATH}/Podfile.lock\" \"${PODS_ROOT}/Manifest.lock\" > /dev/null\nif [ $? != 0 ] ; then\n    # print error to STDERR\n    echo \"error: The sandbox is not in sync with the Podfile.lock. Run 'pod install' or update your CocoaPods installation.\" >&2\n    exit 1\nfi\n# This output is used by Xcode 'outputs' to avoid re-running this script phase.\necho \"SUCCESS\" > \"${SCRIPT_OUTPUT_FILE_0}\"\n";
			showEnvVarsInLog = 0;
		};
/* End PBXShellScriptBuildPhase section */

/* Begin PBXSourcesBuildPhase section */
		39FFCC28293447450053C113 /* Sources */ = {
			isa = PBXSourcesBuildPhase;
			buildActionMask = 2147483647;
			files = (
				39FFCC34293447450053C113 /* ViewController.swift in Sources */,
				39FFCC30293447450053C113 /* AppDelegate.swift in Sources */,
				39FFCC32293447450053C113 /* SceneDelegate.swift in Sources */,
			);
			runOnlyForDeploymentPostprocessing = 0;
		};
		39FFCC3E293447470053C113 /* Sources */ = {
			isa = PBXSourcesBuildPhase;
			buildActionMask = 2147483647;
			files = (
				39FFCC47293447470053C113 /* VideoDecibelTests.swift in Sources */,
			);
			runOnlyForDeploymentPostprocessing = 0;
		};
		39FFCC48293447470053C113 /* Sources */ = {
			isa = PBXSourcesBuildPhase;
			buildActionMask = 2147483647;
			files = (
				39FFCC51293447470053C113 /* VideoDecibelUITests.swift in Sources */,
				39FFCC53293447470053C113 /* VideoDecibelUITestsLaunchTests.swift in Sources */,
			);
			runOnlyForDeploymentPostprocessing = 0;
		};
/* End PBXSourcesBuildPhase section */

/* Begin PBXTargetDependency section */
		39FFCC44293447470053C113 /* PBXTargetDependency */ = {
			isa = PBXTargetDependency;
			target = 39FFCC2B293447450053C113 /* VideoDecibel */;
			targetProxy = 39FFCC43293447470053C113 /* PBXContainerItemProxy */;
		};
		39FFCC4E293447470053C113 /* PBXTargetDependency */ = {
			isa = PBXTargetDependency;
			target = 39FFCC2B293447450053C113 /* VideoDecibel */;
			targetProxy = 39FFCC4D293447470053C113 /* PBXContainerItemProxy */;
		};
/* End PBXTargetDependency section */

/* Begin PBXVariantGroup section */
		39FFCC35293447450053C113 /* Main.storyboard */ = {
			isa = PBXVariantGroup;
			children = (
				39FFCC36293447450053C113 /* Base */,
			);
			name = Main.storyboard;
			sourceTree = "<group>";
		};
		39FFCC3A293447460053C113 /* LaunchScreen.storyboard */ = {
			isa = PBXVariantGroup;
			children = (
				39FFCC3B293447460053C113 /* Base */,
			);
			name = LaunchScreen.storyboard;
			sourceTree = "<group>";
		};
/* End PBXVariantGroup section */

/* Begin XCBuildConfiguration section */
		39FFCC54293447470053C113 /* Debug */ = {
			isa = XCBuildConfiguration;
			buildSettings = {
				ALWAYS_SEARCH_USER_PATHS = NO;
				CLANG_ANALYZER_NONNULL = YES;
				CLANG_ANALYZER_NUMBER_OBJECT_CONVERSION = YES_AGGRESSIVE;
				CLANG_CXX_LANGUAGE_STANDARD = "gnu++20";
				CLANG_ENABLE_MODULES = YES;
				CLANG_ENABLE_OBJC_ARC = YES;
				CLANG_ENABLE_OBJC_WEAK = YES;
				CLANG_WARN_BLOCK_CAPTURE_AUTORELEASING = YES;
				CLANG_WARN_BOOL_CONVERSION = YES;
				CLANG_WARN_COMMA = YES;
				CLANG_WARN_CONSTANT_CONVERSION = YES;
				CLANG_WARN_DEPRECATED_OBJC_IMPLEMENTATIONS = YES;
				CLANG_WARN_DIRECT_OBJC_ISA_USAGE = YES_ERROR;
				CLANG_WARN_DOCUMENTATION_COMMENTS = YES;
				CLANG_WARN_EMPTY_BODY = YES;
				CLANG_WARN_ENUM_CONVERSION = YES;
				CLANG_WARN_INFINITE_RECURSION = YES;
				CLANG_WARN_INT_CONVERSION = YES;
				CLANG_WARN_NON_LITERAL_NULL_CONVERSION = YES;
				CLANG_WARN_OBJC_IMPLICIT_RETAIN_SELF = YES;
				CLANG_WARN_OBJC_LITERAL_CONVERSION = YES;
				CLANG_WARN_OBJC_ROOT_CLASS = YES_ERROR;
				CLANG_WARN_QUOTED_INCLUDE_IN_FRAMEWORK_HEADER = YES;
				CLANG_WARN_RANGE_LOOP_ANALYSIS = YES;
				CLANG_WARN_STRICT_PROTOTYPES = YES;
				CLANG_WARN_SUSPICIOUS_MOVE = YES;
				CLANG_WARN_UNGUARDED_AVAILABILITY = YES_AGGRESSIVE;
				CLANG_WARN_UNREACHABLE_CODE = YES;
				CLANG_WARN__DUPLICATE_METHOD_MATCH = YES;
				COPY_PHASE_STRIP = NO;
				DEBUG_INFORMATION_FORMAT = dwarf;
				ENABLE_STRICT_OBJC_MSGSEND = YES;
				ENABLE_TESTABILITY = YES;
				GCC_C_LANGUAGE_STANDARD = gnu11;
				GCC_DYNAMIC_NO_PIC = NO;
				GCC_NO_COMMON_BLOCKS = YES;
				GCC_OPTIMIZATION_LEVEL = 0;
				GCC_PREPROCESSOR_DEFINITIONS = (
					"DEBUG=1",
					"$(inherited)",
				);
				GCC_WARN_64_TO_32_BIT_CONVERSION = YES;
				GCC_WARN_ABOUT_RETURN_TYPE = YES_ERROR;
				GCC_WARN_UNDECLARED_SELECTOR = YES;
				GCC_WARN_UNINITIALIZED_AUTOS = YES_AGGRESSIVE;
				GCC_WARN_UNUSED_FUNCTION = YES;
				GCC_WARN_UNUSED_VARIABLE = YES;
				IPHONEOS_DEPLOYMENT_TARGET = 16.1;
				MTL_ENABLE_DEBUG_INFO = INCLUDE_SOURCE;
				MTL_FAST_MATH = YES;
				ONLY_ACTIVE_ARCH = YES;
				SDKROOT = iphoneos;
				SWIFT_ACTIVE_COMPILATION_CONDITIONS = DEBUG;
				SWIFT_OPTIMIZATION_LEVEL = "-Onone";
			};
			name = Debug;
		};
		39FFCC55293447470053C113 /* Release */ = {
			isa = XCBuildConfiguration;
			buildSettings = {
				ALWAYS_SEARCH_USER_PATHS = NO;
				CLANG_ANALYZER_NONNULL = YES;
				CLANG_ANALYZER_NUMBER_OBJECT_CONVERSION = YES_AGGRESSIVE;
				CLANG_CXX_LANGUAGE_STANDARD = "gnu++20";
				CLANG_ENABLE_MODULES = YES;
				CLANG_ENABLE_OBJC_ARC = YES;
				CLANG_ENABLE_OBJC_WEAK = YES;
				CLANG_WARN_BLOCK_CAPTURE_AUTORELEASING = YES;
				CLANG_WARN_BOOL_CONVERSION = YES;
				CLANG_WARN_COMMA = YES;
				CLANG_WARN_CONSTANT_CONVERSION = YES;
				CLANG_WARN_DEPRECATED_OBJC_IMPLEMENTATIONS = YES;
				CLANG_WARN_DIRECT_OBJC_ISA_USAGE = YES_ERROR;
				CLANG_WARN_DOCUMENTATION_COMMENTS = YES;
				CLANG_WARN_EMPTY_BODY = YES;
				CLANG_WARN_ENUM_CONVERSION = YES;
				CLANG_WARN_INFINITE_RECURSION = YES;
				CLANG_WARN_INT_CONVERSION = YES;
				CLANG_WARN_NON_LITERAL_NULL_CONVERSION = YES;
				CLANG_WARN_OBJC_IMPLICIT_RETAIN_SELF = YES;
				CLANG_WARN_OBJC_LITERAL_CONVERSION = YES;
				CLANG_WARN_OBJC_ROOT_CLASS = YES_ERROR;
				CLANG_WARN_QUOTED_INCLUDE_IN_FRAMEWORK_HEADER = YES;
				CLANG_WARN_RANGE_LOOP_ANALYSIS = YES;
				CLANG_WARN_STRICT_PROTOTYPES = YES;
				CLANG_WARN_SUSPICIOUS_MOVE = YES;
				CLANG_WARN_UNGUARDED_AVAILABILITY = YES_AGGRESSIVE;
				CLANG_WARN_UNREACHABLE_CODE = YES;
				CLANG_WARN__DUPLICATE_METHOD_MATCH = YES;
				COPY_PHASE_STRIP = NO;
				DEBUG_INFORMATION_FORMAT = "dwarf-with-dsym";
				ENABLE_NS_ASSERTIONS = NO;
				ENABLE_STRICT_OBJC_MSGSEND = YES;
				GCC_C_LANGUAGE_STANDARD = gnu11;
				GCC_NO_COMMON_BLOCKS = YES;
				GCC_WARN_64_TO_32_BIT_CONVERSION = YES;
				GCC_WARN_ABOUT_RETURN_TYPE = YES_ERROR;
				GCC_WARN_UNDECLARED_SELECTOR = YES;
				GCC_WARN_UNINITIALIZED_AUTOS = YES_AGGRESSIVE;
				GCC_WARN_UNUSED_FUNCTION = YES;
				GCC_WARN_UNUSED_VARIABLE = YES;
				IPHONEOS_DEPLOYMENT_TARGET = 16.1;
				MTL_ENABLE_DEBUG_INFO = NO;
				MTL_FAST_MATH = YES;
				SDKROOT = iphoneos;
				SWIFT_COMPILATION_MODE = wholemodule;
				SWIFT_OPTIMIZATION_LEVEL = "-O";
				VALIDATE_PRODUCT = YES;
			};
			name = Release;
		};
		39FFCC57293447470053C113 /* Debug */ = {
			isa = XCBuildConfiguration;
			baseConfigurationReference = 5110D616219F9CE8E0354EB4 /* Pods-VideoDecibel.debug.xcconfig */;
			buildSettings = {
				ASSETCATALOG_COMPILER_APPICON_NAME = AppIcon;
				ASSETCATALOG_COMPILER_GLOBAL_ACCENT_COLOR_NAME = AccentColor;
				CODE_SIGN_STYLE = Automatic;
				CURRENT_PROJECT_VERSION = 1;
				DEVELOPMENT_TEAM = WY5E8U82TN;
				GENERATE_INFOPLIST_FILE = YES;
				INFOPLIST_FILE = VideoDecibel/Info.plist;
				INFOPLIST_KEY_UIApplicationSupportsIndirectInputEvents = YES;
				INFOPLIST_KEY_UILaunchStoryboardName = LaunchScreen;
				INFOPLIST_KEY_UIMainStoryboardFile = Main;
				INFOPLIST_KEY_UISupportedInterfaceOrientations_iPad = "UIInterfaceOrientationPortrait UIInterfaceOrientationPortraitUpsideDown UIInterfaceOrientationLandscapeLeft UIInterfaceOrientationLandscapeRight";
				INFOPLIST_KEY_UISupportedInterfaceOrientations_iPhone = "UIInterfaceOrientationPortrait UIInterfaceOrientationLandscapeLeft UIInterfaceOrientationLandscapeRight";
				LD_RUNPATH_SEARCH_PATHS = (
					"$(inherited)",
					"@executable_path/Frameworks",
				);
				MARKETING_VERSION = 1.0;
				PRODUCT_BUNDLE_IDENTIFIER = kr.co.ipdisk.dbspark711.VideoDecibel;
				PRODUCT_NAME = "$(TARGET_NAME)";
				SWIFT_EMIT_LOC_STRINGS = YES;
				SWIFT_VERSION = 5.0;
				TARGETED_DEVICE_FAMILY = "1,2";
			};
			name = Debug;
		};
		39FFCC58293447470053C113 /* Release */ = {
			isa = XCBuildConfiguration;
			baseConfigurationReference = 354056EADD2481780DB8A1FE /* Pods-VideoDecibel.release.xcconfig */;
			buildSettings = {
				ASSETCATALOG_COMPILER_APPICON_NAME = AppIcon;
				ASSETCATALOG_COMPILER_GLOBAL_ACCENT_COLOR_NAME = AccentColor;
				CODE_SIGN_STYLE = Automatic;
				CURRENT_PROJECT_VERSION = 1;
				DEVELOPMENT_TEAM = WY5E8U82TN;
				GENERATE_INFOPLIST_FILE = YES;
				INFOPLIST_FILE = VideoDecibel/Info.plist;
				INFOPLIST_KEY_UIApplicationSupportsIndirectInputEvents = YES;
				INFOPLIST_KEY_UILaunchStoryboardName = LaunchScreen;
				INFOPLIST_KEY_UIMainStoryboardFile = Main;
				INFOPLIST_KEY_UISupportedInterfaceOrientations_iPad = "UIInterfaceOrientationPortrait UIInterfaceOrientationPortraitUpsideDown UIInterfaceOrientationLandscapeLeft UIInterfaceOrientationLandscapeRight";
				INFOPLIST_KEY_UISupportedInterfaceOrientations_iPhone = "UIInterfaceOrientationPortrait UIInterfaceOrientationLandscapeLeft UIInterfaceOrientationLandscapeRight";
				LD_RUNPATH_SEARCH_PATHS = (
					"$(inherited)",
					"@executable_path/Frameworks",
				);
				MARKETING_VERSION = 1.0;
				PRODUCT_BUNDLE_IDENTIFIER = kr.co.ipdisk.dbspark711.VideoDecibel;
				PRODUCT_NAME = "$(TARGET_NAME)";
				SWIFT_EMIT_LOC_STRINGS = YES;
				SWIFT_VERSION = 5.0;
				TARGETED_DEVICE_FAMILY = "1,2";
			};
			name = Release;
		};
		39FFCC5A293447470053C113 /* Debug */ = {
			isa = XCBuildConfiguration;
			baseConfigurationReference = B98D0D5240E077DE964EC6F2 /* Pods-VideoDecibelTests.debug.xcconfig */;
			buildSettings = {
				ALWAYS_EMBED_SWIFT_STANDARD_LIBRARIES = YES;
				BUNDLE_LOADER = "$(TEST_HOST)";
				CODE_SIGN_STYLE = Automatic;
				CURRENT_PROJECT_VERSION = 1;
				DEVELOPMENT_TEAM = WY5E8U82TN;
				GENERATE_INFOPLIST_FILE = YES;
				IPHONEOS_DEPLOYMENT_TARGET = 16.1;
				MARKETING_VERSION = 1.0;
				PRODUCT_BUNDLE_IDENTIFIER = kr.co.ipdisk.dbspark711.VideoDecibelTests;
				PRODUCT_NAME = "$(TARGET_NAME)";
				SWIFT_EMIT_LOC_STRINGS = NO;
				SWIFT_VERSION = 5.0;
				TARGETED_DEVICE_FAMILY = "1,2";
				TEST_HOST = "$(BUILT_PRODUCTS_DIR)/VideoDecibel.app/$(BUNDLE_EXECUTABLE_FOLDER_PATH)/VideoDecibel";
			};
			name = Debug;
		};
		39FFCC5B293447470053C113 /* Release */ = {
			isa = XCBuildConfiguration;
			baseConfigurationReference = 6A2A6D290834CB3B8526D428 /* Pods-VideoDecibelTests.release.xcconfig */;
			buildSettings = {
				ALWAYS_EMBED_SWIFT_STANDARD_LIBRARIES = YES;
				BUNDLE_LOADER = "$(TEST_HOST)";
				CODE_SIGN_STYLE = Automatic;
				CURRENT_PROJECT_VERSION = 1;
				DEVELOPMENT_TEAM = WY5E8U82TN;
				GENERATE_INFOPLIST_FILE = YES;
				IPHONEOS_DEPLOYMENT_TARGET = 16.1;
				MARKETING_VERSION = 1.0;
				PRODUCT_BUNDLE_IDENTIFIER = kr.co.ipdisk.dbspark711.VideoDecibelTests;
				PRODUCT_NAME = "$(TARGET_NAME)";
				SWIFT_EMIT_LOC_STRINGS = NO;
				SWIFT_VERSION = 5.0;
				TARGETED_DEVICE_FAMILY = "1,2";
				TEST_HOST = "$(BUILT_PRODUCTS_DIR)/VideoDecibel.app/$(BUNDLE_EXECUTABLE_FOLDER_PATH)/VideoDecibel";
			};
			name = Release;
		};
		39FFCC5D293447470053C113 /* Debug */ = {
			isa = XCBuildConfiguration;
			baseConfigurationReference = CD5B24C9F9CD75603D7AEE25 /* Pods-VideoDecibelUITests.debug.xcconfig */;
			buildSettings = {
				ALWAYS_EMBED_SWIFT_STANDARD_LIBRARIES = YES;
				CODE_SIGN_STYLE = Automatic;
				CURRENT_PROJECT_VERSION = 1;
				DEVELOPMENT_TEAM = WY5E8U82TN;
				GENERATE_INFOPLIST_FILE = YES;
				MARKETING_VERSION = 1.0;
				PRODUCT_BUNDLE_IDENTIFIER = kr.co.ipdisk.dbspark711.VideoDecibelUITests;
				PRODUCT_NAME = "$(TARGET_NAME)";
				SWIFT_EMIT_LOC_STRINGS = NO;
				SWIFT_VERSION = 5.0;
				TARGETED_DEVICE_FAMILY = "1,2";
				TEST_TARGET_NAME = VideoDecibel;
			};
			name = Debug;
		};
		39FFCC5E293447470053C113 /* Release */ = {
			isa = XCBuildConfiguration;
			baseConfigurationReference = C47676CC8A21DCF83720A390 /* Pods-VideoDecibelUITests.release.xcconfig */;
			buildSettings = {
				ALWAYS_EMBED_SWIFT_STANDARD_LIBRARIES = YES;
				CODE_SIGN_STYLE = Automatic;
				CURRENT_PROJECT_VERSION = 1;
				DEVELOPMENT_TEAM = WY5E8U82TN;
				GENERATE_INFOPLIST_FILE = YES;
				MARKETING_VERSION = 1.0;
				PRODUCT_BUNDLE_IDENTIFIER = kr.co.ipdisk.dbspark711.VideoDecibelUITests;
				PRODUCT_NAME = "$(TARGET_NAME)";
				SWIFT_EMIT_LOC_STRINGS = NO;
				SWIFT_VERSION = 5.0;
				TARGETED_DEVICE_FAMILY = "1,2";
				TEST_TARGET_NAME = VideoDecibel;
			};
			name = Release;
		};
/* End XCBuildConfiguration section */

/* Begin XCConfigurationList section */
		39FFCC27293447450053C113 /* Build configuration list for PBXProject "VideoDecibel" */ = {
			isa = XCConfigurationList;
			buildConfigurations = (
				39FFCC54293447470053C113 /* Debug */,
				39FFCC55293447470053C113 /* Release */,
			);
			defaultConfigurationIsVisible = 0;
			defaultConfigurationName = Release;
		};
		39FFCC56293447470053C113 /* Build configuration list for PBXNativeTarget "VideoDecibel" */ = {
			isa = XCConfigurationList;
			buildConfigurations = (
				39FFCC57293447470053C113 /* Debug */,
				39FFCC58293447470053C113 /* Release */,
			);
			defaultConfigurationIsVisible = 0;
			defaultConfigurationName = Release;
		};
		39FFCC59293447470053C113 /* Build configuration list for PBXNativeTarget "VideoDecibelTests" */ = {
			isa = XCConfigurationList;
			buildConfigurations = (
				39FFCC5A293447470053C113 /* Debug */,
				39FFCC5B293447470053C113 /* Release */,
			);
			defaultConfigurationIsVisible = 0;
			defaultConfigurationName = Release;
		};
		39FFCC5C293447470053C113 /* Build configuration list for PBXNativeTarget "VideoDecibelUITests" */ = {
			isa = XCConfigurationList;
			buildConfigurations = (
				39FFCC5D293447470053C113 /* Debug */,
				39FFCC5E293447470053C113 /* Release */,
			);
			defaultConfigurationIsVisible = 0;
			defaultConfigurationName = Release;
		};
/* End XCConfigurationList section */
	};
	rootObject = 39FFCC24293447450053C113 /* Project object */;
}
